// !$*UTF8*$!
{
	archiveVersion = 1;
	classes = {
	};
	objectVersion = 55;
	objects = {

/* Begin PBXBuildFile section */
		8C175CD6289C4BAE00C4625B /* Coordinator.swift in Sources */ = {isa = PBXBuildFile; fileRef = 8C175CD5289C4BAE00C4625B /* Coordinator.swift */; };
		8C175CD8289C4C4800C4625B /* AppCoordinator.swift in Sources */ = {isa = PBXBuildFile; fileRef = 8C175CD7289C4C4800C4625B /* AppCoordinator.swift */; };
		8C175CDA289C4EC400C4625B /* ExtractCoordinator.swift in Sources */ = {isa = PBXBuildFile; fileRef = 8C175CD9289C4EC400C4625B /* ExtractCoordinator.swift */; };
		8C71BD7128A3EA170065832C /* ExtractModel.swift in Sources */ = {isa = PBXBuildFile; fileRef = 8C71BD7028A3EA170065832C /* ExtractModel.swift */; };
		8C9287CC2899FA9800E9C696 /* AppDelegate.swift in Sources */ = {isa = PBXBuildFile; fileRef = 8C9287CB2899FA9800E9C696 /* AppDelegate.swift */; };
		8C9287CE2899FA9800E9C696 /* SceneDelegate.swift in Sources */ = {isa = PBXBuildFile; fileRef = 8C9287CD2899FA9800E9C696 /* SceneDelegate.swift */; };
		8C9287D02899FA9800E9C696 /* ExtractViewController.swift in Sources */ = {isa = PBXBuildFile; fileRef = 8C9287CF2899FA9800E9C696 /* ExtractViewController.swift */; };
		8C9287D32899FA9800E9C696 /* ExtractStoryboard.storyboard in Resources */ = {isa = PBXBuildFile; fileRef = 8C9287D12899FA9800E9C696 /* ExtractStoryboard.storyboard */; };
		8C9287D52899FA9A00E9C696 /* Assets.xcassets in Resources */ = {isa = PBXBuildFile; fileRef = 8C9287D42899FA9A00E9C696 /* Assets.xcassets */; };
		8C9287D82899FA9A00E9C696 /* LaunchScreen.storyboard in Resources */ = {isa = PBXBuildFile; fileRef = 8C9287D62899FA9A00E9C696 /* LaunchScreen.storyboard */; };
		8CA3C72C289AEB4E001581BF /* VoucherStoryboard.storyboard in Resources */ = {isa = PBXBuildFile; fileRef = 8CA3C72B289AEB4E001581BF /* VoucherStoryboard.storyboard */; };
		8CA3C72E289AEB6D001581BF /* VoucherViewController.swift in Sources */ = {isa = PBXBuildFile; fileRef = 8CA3C72D289AEB6D001581BF /* VoucherViewController.swift */; };
		8CA3C731289AF6CA001581BF /* Icon.swift in Sources */ = {isa = PBXBuildFile; fileRef = 8CA3C730289AF6CA001581BF /* Icon.swift */; };
		8CE2317A289C1DB700001B6D /* ExtractTableViewCell.swift in Sources */ = {isa = PBXBuildFile; fileRef = 8CE23179289C1DB700001B6D /* ExtractTableViewCell.swift */; };
		8CF18962289F247400F8D938 /* Extract.swift in Sources */ = {isa = PBXBuildFile; fileRef = 8CF18961289F247400F8D938 /* Extract.swift */; };
		8CF18965289F263000F8D938 /* Amount.swift in Sources */ = {isa = PBXBuildFile; fileRef = 8CF18964289F263000F8D938 /* Amount.swift */; };
		8CF18967289F270100F8D938 /* Items.swift in Sources */ = {isa = PBXBuildFile; fileRef = 8CF18966289F270100F8D938 /* Items.swift */; };
		8CF18969289F2B9E00F8D938 /* Voucher.swift in Sources */ = {isa = PBXBuildFile; fileRef = 8CF18968289F2B9E00F8D938 /* Voucher.swift */; };
/* End PBXBuildFile section */

/* Begin PBXFileReference section */
		8C175CD5289C4BAE00C4625B /* Coordinator.swift */ = {isa = PBXFileReference; lastKnownFileType = sourcecode.swift; path = Coordinator.swift; sourceTree = "<group>"; };
		8C175CD7289C4C4800C4625B /* AppCoordinator.swift */ = {isa = PBXFileReference; lastKnownFileType = sourcecode.swift; path = AppCoordinator.swift; sourceTree = "<group>"; };
		8C175CD9289C4EC400C4625B /* ExtractCoordinator.swift */ = {isa = PBXFileReference; lastKnownFileType = sourcecode.swift; path = ExtractCoordinator.swift; sourceTree = "<group>"; };
		8C71BD7028A3EA170065832C /* ExtractModel.swift */ = {isa = PBXFileReference; lastKnownFileType = sourcecode.swift; path = ExtractModel.swift; sourceTree = "<group>"; };
		8C9287C82899FA9800E9C696 /* Desafio_Somosphi.app */ = {isa = PBXFileReference; explicitFileType = wrapper.application; includeInIndex = 0; path = Desafio_Somosphi.app; sourceTree = BUILT_PRODUCTS_DIR; };
		8C9287CB2899FA9800E9C696 /* AppDelegate.swift */ = {isa = PBXFileReference; lastKnownFileType = sourcecode.swift; path = AppDelegate.swift; sourceTree = "<group>"; };
		8C9287CD2899FA9800E9C696 /* SceneDelegate.swift */ = {isa = PBXFileReference; lastKnownFileType = sourcecode.swift; path = SceneDelegate.swift; sourceTree = "<group>"; };
		8C9287CF2899FA9800E9C696 /* ExtractViewController.swift */ = {isa = PBXFileReference; lastKnownFileType = sourcecode.swift; path = ExtractViewController.swift; sourceTree = "<group>"; };
		8C9287D22899FA9800E9C696 /* Base */ = {isa = PBXFileReference; lastKnownFileType = file.storyboard; name = Base; path = Base.lproj/ExtractStoryboard.storyboard; sourceTree = "<group>"; };
		8C9287D42899FA9A00E9C696 /* Assets.xcassets */ = {isa = PBXFileReference; lastKnownFileType = folder.assetcatalog; path = Assets.xcassets; sourceTree = "<group>"; };
		8C9287D72899FA9A00E9C696 /* Base */ = {isa = PBXFileReference; lastKnownFileType = file.storyboard; name = Base; path = Base.lproj/LaunchScreen.storyboard; sourceTree = "<group>"; };
		8C9287D92899FA9A00E9C696 /* Info.plist */ = {isa = PBXFileReference; lastKnownFileType = text.plist.xml; path = Info.plist; sourceTree = "<group>"; };
		8CA3C72B289AEB4E001581BF /* VoucherStoryboard.storyboard */ = {isa = PBXFileReference; lastKnownFileType = file.storyboard; path = VoucherStoryboard.storyboard; sourceTree = "<group>"; };
		8CA3C72D289AEB6D001581BF /* VoucherViewController.swift */ = {isa = PBXFileReference; lastKnownFileType = sourcecode.swift; path = VoucherViewController.swift; sourceTree = "<group>"; };
		8CA3C730289AF6CA001581BF /* Icon.swift */ = {isa = PBXFileReference; lastKnownFileType = sourcecode.swift; path = Icon.swift; sourceTree = "<group>"; };
		8CE23179289C1DB700001B6D /* ExtractTableViewCell.swift */ = {isa = PBXFileReference; lastKnownFileType = sourcecode.swift; path = ExtractTableViewCell.swift; sourceTree = "<group>"; };
		8CF18961289F247400F8D938 /* Extract.swift */ = {isa = PBXFileReference; lastKnownFileType = sourcecode.swift; path = Extract.swift; sourceTree = "<group>"; };
		8CF18964289F263000F8D938 /* Amount.swift */ = {isa = PBXFileReference; lastKnownFileType = sourcecode.swift; path = Amount.swift; sourceTree = "<group>"; };
		8CF18966289F270100F8D938 /* Items.swift */ = {isa = PBXFileReference; lastKnownFileType = sourcecode.swift; path = Items.swift; sourceTree = "<group>"; };
		8CF18968289F2B9E00F8D938 /* Voucher.swift */ = {isa = PBXFileReference; lastKnownFileType = sourcecode.swift; path = Voucher.swift; sourceTree = "<group>"; };
/* End PBXFileReference section */

/* Begin PBXFrameworksBuildPhase section */
		8C9287C52899FA9800E9C696 /* Frameworks */ = {
			isa = PBXFrameworksBuildPhase;
			buildActionMask = 2147483647;
			files = (
			);
			runOnlyForDeploymentPostprocessing = 0;
		};
/* End PBXFrameworksBuildPhase section */

/* Begin PBXGroup section */
		8C175CD4289C4B9300C4625B /* Coordinator */ = {
			isa = PBXGroup;
			children = (
				8C175CD5289C4BAE00C4625B /* Coordinator.swift */,
				8C175CD7289C4C4800C4625B /* AppCoordinator.swift */,
			);
			name = Coordinator;
			sourceTree = "<group>";
		};
		8C9287BF2899FA9800E9C696 = {
			isa = PBXGroup;
			children = (
				8C9287CA2899FA9800E9C696 /* Desafio_Somosphi */,
				8C9287C92899FA9800E9C696 /* Products */,
			);
			sourceTree = "<group>";
		};
		8C9287C92899FA9800E9C696 /* Products */ = {
			isa = PBXGroup;
			children = (
				8C9287C82899FA9800E9C696 /* Desafio_Somosphi.app */,
			);
			name = Products;
			sourceTree = "<group>";
		};
		8C9287CA2899FA9800E9C696 /* Desafio_Somosphi */ = {
			isa = PBXGroup;
			children = (
				8C9287CB2899FA9800E9C696 /* AppDelegate.swift */,
				8C9287CD2899FA9800E9C696 /* SceneDelegate.swift */,
				8C175CD4289C4B9300C4625B /* Coordinator */,
				8CF18963289F261700F8D938 /* Model */,
				8CA3C72F289AF692001581BF /* Define */,
				8CA3C729289AEAAC001581BF /* Extract */,
				8CA3C72A289AEAD3001581BF /* Voucher */,
				8C9287D42899FA9A00E9C696 /* Assets.xcassets */,
				8C9287D62899FA9A00E9C696 /* LaunchScreen.storyboard */,
				8C9287D92899FA9A00E9C696 /* Info.plist */,
			);
			path = Desafio_Somosphi;
			sourceTree = "<group>";
		};
		8CA3C729289AEAAC001581BF /* Extract */ = {
			isa = PBXGroup;
			children = (
				8C9287D12899FA9800E9C696 /* ExtractStoryboard.storyboard */,
				8C175CD9289C4EC400C4625B /* ExtractCoordinator.swift */,
				8C9287CF2899FA9800E9C696 /* ExtractViewController.swift */,
				8CE23179289C1DB700001B6D /* ExtractTableViewCell.swift */,
				8C71BD7028A3EA170065832C /* ExtractModel.swift */,
			);
			path = Extract;
			sourceTree = "<group>";
		};
		8CA3C72A289AEAD3001581BF /* Voucher */ = {
			isa = PBXGroup;
			children = (
				8CA3C72B289AEB4E001581BF /* VoucherStoryboard.storyboard */,
				8CA3C72D289AEB6D001581BF /* VoucherViewController.swift */,
			);
			path = Voucher;
			sourceTree = "<group>";
		};
		8CA3C72F289AF692001581BF /* Define */ = {
			isa = PBXGroup;
			children = (
				8CA3C730289AF6CA001581BF /* Icon.swift */,
			);
			path = Define;
			sourceTree = "<group>";
		};
		8CF18963289F261700F8D938 /* Model */ = {
			isa = PBXGroup;
			children = (
				8CF18964289F263000F8D938 /* Amount.swift */,
				8CF18961289F247400F8D938 /* Extract.swift */,
				8CF18968289F2B9E00F8D938 /* Voucher.swift */,
				8CF18966289F270100F8D938 /* Items.swift */,
			);
			path = Model;
			sourceTree = "<group>";
		};
/* End PBXGroup section */

/* Begin PBXNativeTarget section */
		8C9287C72899FA9800E9C696 /* Desafio_Somosphi */ = {
			isa = PBXNativeTarget;
			buildConfigurationList = 8C9287DC2899FA9A00E9C696 /* Build configuration list for PBXNativeTarget "Desafio_Somosphi" */;
			buildPhases = (
				8C9287C42899FA9800E9C696 /* Sources */,
				8C9287C52899FA9800E9C696 /* Frameworks */,
				8C9287C62899FA9800E9C696 /* Resources */,
				8CE2317B289C235800001B6D /* ShellScript */,
			);
			buildRules = (
			);
			dependencies = (
			);
			name = Desafio_Somosphi;
			productName = Desafio_Somosphi;
			productReference = 8C9287C82899FA9800E9C696 /* Desafio_Somosphi.app */;
			productType = "com.apple.product-type.application";
		};
/* End PBXNativeTarget section */

/* Begin PBXProject section */
		8C9287C02899FA9800E9C696 /* Project object */ = {
			isa = PBXProject;
			attributes = {
				BuildIndependentTargetsInParallel = 1;
				LastSwiftUpdateCheck = 1340;
				LastUpgradeCheck = 1340;
				TargetAttributes = {
					8C9287C72899FA9800E9C696 = {
						CreatedOnToolsVersion = 13.4.1;
					};
				};
			};
			buildConfigurationList = 8C9287C32899FA9800E9C696 /* Build configuration list for PBXProject "Desafio_Somosphi" */;
			compatibilityVersion = "Xcode 13.0";
			developmentRegion = en;
			hasScannedForEncodings = 0;
			knownRegions = (
				en,
				Base,
			);
			mainGroup = 8C9287BF2899FA9800E9C696;
			productRefGroup = 8C9287C92899FA9800E9C696 /* Products */;
			projectDirPath = "";
			projectRoot = "";
			targets = (
				8C9287C72899FA9800E9C696 /* Desafio_Somosphi */,
			);
		};
/* End PBXProject section */

/* Begin PBXResourcesBuildPhase section */
		8C9287C62899FA9800E9C696 /* Resources */ = {
			isa = PBXResourcesBuildPhase;
			buildActionMask = 2147483647;
			files = (
				8CA3C72C289AEB4E001581BF /* VoucherStoryboard.storyboard in Resources */,
				8C9287D82899FA9A00E9C696 /* LaunchScreen.storyboard in Resources */,
				8C9287D52899FA9A00E9C696 /* Assets.xcassets in Resources */,
				8C9287D32899FA9800E9C696 /* ExtractStoryboard.storyboard in Resources */,
			);
			runOnlyForDeploymentPostprocessing = 0;
		};
/* End PBXResourcesBuildPhase section */

/* Begin PBXShellScriptBuildPhase section */
		8CE2317B289C235800001B6D /* ShellScript */ = {
			isa = PBXShellScriptBuildPhase;
			buildActionMask = 2147483647;
			files = (
			);
			inputFileListPaths = (
			);
			inputPaths = (
			);
			outputFileListPaths = (
			);
			outputPaths = (
			);
			runOnlyForDeploymentPostprocessing = 0;
			shellPath = /bin/sh;
			shellScript = "if which swiftlint >/dev/null; then\n    swiftlint\nelse\n    echo \"warning: SwiftLint not installed, download from https://github.com/realm/SwiftLint\"\nfi\n";
		};
/* End PBXShellScriptBuildPhase section */

/* Begin PBXSourcesBuildPhase section */
		8C9287C42899FA9800E9C696 /* Sources */ = {
			isa = PBXSourcesBuildPhase;
			buildActionMask = 2147483647;
			files = (
				8C9287D02899FA9800E9C696 /* ExtractViewController.swift in Sources */,
				8CF18962289F247400F8D938 /* Extract.swift in Sources */,
				8C175CDA289C4EC400C4625B /* ExtractCoordinator.swift in Sources */,
				8CE2317A289C1DB700001B6D /* ExtractTableViewCell.swift in Sources */,
				8CF18967289F270100F8D938 /* Items.swift in Sources */,
				8CA3C72E289AEB6D001581BF /* VoucherViewController.swift in Sources */,
				8C9287CC2899FA9800E9C696 /* AppDelegate.swift in Sources */,
				8C71BD7128A3EA170065832C /* ExtractModel.swift in Sources */,
				8CF18969289F2B9E00F8D938 /* Voucher.swift in Sources */,
				8CF18965289F263000F8D938 /* Amount.swift in Sources */,
				8C175CD8289C4C4800C4625B /* AppCoordinator.swift in Sources */,
				8CA3C731289AF6CA001581BF /* Icon.swift in Sources */,
				8C9287CE2899FA9800E9C696 /* SceneDelegate.swift in Sources */,
				8C175CD6289C4BAE00C4625B /* Coordinator.swift in Sources */,
			);
			runOnlyForDeploymentPostprocessing = 0;
		};
/* End PBXSourcesBuildPhase section */

/* Begin PBXVariantGroup section */
		8C9287D12899FA9800E9C696 /* ExtractStoryboard.storyboard */ = {
			isa = PBXVariantGroup;
			children = (
				8C9287D22899FA9800E9C696 /* Base */,
			);
			name = ExtractStoryboard.storyboard;
			sourceTree = "<group>";
		};
		8C9287D62899FA9A00E9C696 /* LaunchScreen.storyboard */ = {
			isa = PBXVariantGroup;
			children = (
				8C9287D72899FA9A00E9C696 /* Base */,
			);
			name = LaunchScreen.storyboard;
			sourceTree = "<group>";
		};
/* End PBXVariantGroup section */

/* Begin XCBuildConfiguration section */
		8C9287DA2899FA9A00E9C696 /* Debug */ = {
			isa = XCBuildConfiguration;
			buildSettings = {
				ALWAYS_SEARCH_USER_PATHS = NO;
				CLANG_ANALYZER_NONNULL = YES;
				CLANG_ANALYZER_NUMBER_OBJECT_CONVERSION = YES_AGGRESSIVE;
				CLANG_CXX_LANGUAGE_STANDARD = "gnu++17";
				CLANG_ENABLE_MODULES = YES;
				CLANG_ENABLE_OBJC_ARC = YES;
				CLANG_ENABLE_OBJC_WEAK = YES;
				CLANG_WARN_BLOCK_CAPTURE_AUTORELEASING = YES;
				CLANG_WARN_BOOL_CONVERSION = YES;
				CLANG_WARN_COMMA = YES;
				CLANG_WARN_CONSTANT_CONVERSION = YES;
				CLANG_WARN_DEPRECATED_OBJC_IMPLEMENTATIONS = YES;
				CLANG_WARN_DIRECT_OBJC_ISA_USAGE = YES_ERROR;
				CLANG_WARN_DOCUMENTATION_COMMENTS = YES;
				CLANG_WARN_EMPTY_BODY = YES;
				CLANG_WARN_ENUM_CONVERSION = YES;
				CLANG_WARN_INFINITE_RECURSION = YES;
				CLANG_WARN_INT_CONVERSION = YES;
				CLANG_WARN_NON_LITERAL_NULL_CONVERSION = YES;
				CLANG_WARN_OBJC_IMPLICIT_RETAIN_SELF = YES;
				CLANG_WARN_OBJC_LITERAL_CONVERSION = YES;
				CLANG_WARN_OBJC_ROOT_CLASS = YES_ERROR;
				CLANG_WARN_QUOTED_INCLUDE_IN_FRAMEWORK_HEADER = YES;
				CLANG_WARN_RANGE_LOOP_ANALYSIS = YES;
				CLANG_WARN_STRICT_PROTOTYPES = YES;
				CLANG_WARN_SUSPICIOUS_MOVE = YES;
				CLANG_WARN_UNGUARDED_AVAILABILITY = YES_AGGRESSIVE;
				CLANG_WARN_UNREACHABLE_CODE = YES;
				CLANG_WARN__DUPLICATE_METHOD_MATCH = YES;
				COPY_PHASE_STRIP = NO;
				DEBUG_INFORMATION_FORMAT = dwarf;
				ENABLE_STRICT_OBJC_MSGSEND = YES;
				ENABLE_TESTABILITY = YES;
				GCC_C_LANGUAGE_STANDARD = gnu11;
				GCC_DYNAMIC_NO_PIC = NO;
				GCC_NO_COMMON_BLOCKS = YES;
				GCC_OPTIMIZATION_LEVEL = 0;
				GCC_PREPROCESSOR_DEFINITIONS = (
					"DEBUG=1",
					"$(inherited)",
				);
				GCC_WARN_64_TO_32_BIT_CONVERSION = YES;
				GCC_WARN_ABOUT_RETURN_TYPE = YES_ERROR;
				GCC_WARN_UNDECLARED_SELECTOR = YES;
				GCC_WARN_UNINITIALIZED_AUTOS = YES_AGGRESSIVE;
				GCC_WARN_UNUSED_FUNCTION = YES;
				GCC_WARN_UNUSED_VARIABLE = YES;
				IPHONEOS_DEPLOYMENT_TARGET = 15.5;
				MTL_ENABLE_DEBUG_INFO = INCLUDE_SOURCE;
				MTL_FAST_MATH = YES;
				ONLY_ACTIVE_ARCH = YES;
				SDKROOT = iphoneos;
				SWIFT_ACTIVE_COMPILATION_CONDITIONS = DEBUG;
				SWIFT_OPTIMIZATION_LEVEL = "-Onone";
			};
			name = Debug;
		};
		8C9287DB2899FA9A00E9C696 /* Release */ = {
			isa = XCBuildConfiguration;
			buildSettings = {
				ALWAYS_SEARCH_USER_PATHS = NO;
				CLANG_ANALYZER_NONNULL = YES;
				CLANG_ANALYZER_NUMBER_OBJECT_CONVERSION = YES_AGGRESSIVE;
				CLANG_CXX_LANGUAGE_STANDARD = "gnu++17";
				CLANG_ENABLE_MODULES = YES;
				CLANG_ENABLE_OBJC_ARC = YES;
				CLANG_ENABLE_OBJC_WEAK = YES;
				CLANG_WARN_BLOCK_CAPTURE_AUTORELEASING = YES;
				CLANG_WARN_BOOL_CONVERSION = YES;
				CLANG_WARN_COMMA = YES;
				CLANG_WARN_CONSTANT_CONVERSION = YES;
				CLANG_WARN_DEPRECATED_OBJC_IMPLEMENTATIONS = YES;
				CLANG_WARN_DIRECT_OBJC_ISA_USAGE = YES_ERROR;
				CLANG_WARN_DOCUMENTATION_COMMENTS = YES;
				CLANG_WARN_EMPTY_BODY = YES;
				CLANG_WARN_ENUM_CONVERSION = YES;
				CLANG_WARN_INFINITE_RECURSION = YES;
				CLANG_WARN_INT_CONVERSION = YES;
				CLANG_WARN_NON_LITERAL_NULL_CONVERSION = YES;
				CLANG_WARN_OBJC_IMPLICIT_RETAIN_SELF = YES;
				CLANG_WARN_OBJC_LITERAL_CONVERSION = YES;
				CLANG_WARN_OBJC_ROOT_CLASS = YES_ERROR;
				CLANG_WARN_QUOTED_INCLUDE_IN_FRAMEWORK_HEADER = YES;
				CLANG_WARN_RANGE_LOOP_ANALYSIS = YES;
				CLANG_WARN_STRICT_PROTOTYPES = YES;
				CLANG_WARN_SUSPICIOUS_MOVE = YES;
				CLANG_WARN_UNGUARDED_AVAILABILITY = YES_AGGRESSIVE;
				CLANG_WARN_UNREACHABLE_CODE = YES;
				CLANG_WARN__DUPLICATE_METHOD_MATCH = YES;
				COPY_PHASE_STRIP = NO;
				DEBUG_INFORMATION_FORMAT = "dwarf-with-dsym";
				ENABLE_NS_ASSERTIONS = NO;
				ENABLE_STRICT_OBJC_MSGSEND = YES;
				GCC_C_LANGUAGE_STANDARD = gnu11;
				GCC_NO_COMMON_BLOCKS = YES;
				GCC_WARN_64_TO_32_BIT_CONVERSION = YES;
				GCC_WARN_ABOUT_RETURN_TYPE = YES_ERROR;
				GCC_WARN_UNDECLARED_SELECTOR = YES;
				GCC_WARN_UNINITIALIZED_AUTOS = YES_AGGRESSIVE;
				GCC_WARN_UNUSED_FUNCTION = YES;
				GCC_WARN_UNUSED_VARIABLE = YES;
				IPHONEOS_DEPLOYMENT_TARGET = 15.5;
				MTL_ENABLE_DEBUG_INFO = NO;
				MTL_FAST_MATH = YES;
				SDKROOT = iphoneos;
				SWIFT_COMPILATION_MODE = wholemodule;
				SWIFT_OPTIMIZATION_LEVEL = "-O";
				VALIDATE_PRODUCT = YES;
			};
			name = Release;
		};
		8C9287DD2899FA9A00E9C696 /* Debug */ = {
			isa = XCBuildConfiguration;
			buildSettings = {
				ASSETCATALOG_COMPILER_APPICON_NAME = AppIcon;
				ASSETCATALOG_COMPILER_GLOBAL_ACCENT_COLOR_NAME = AccentColor;
				CODE_SIGN_STYLE = Automatic;
				CURRENT_PROJECT_VERSION = 1;
				DEVELOPMENT_TEAM = 5AN4GAV8W4;
				GENERATE_INFOPLIST_FILE = YES;
				INFOPLIST_FILE = Desafio_Somosphi/Info.plist;
				INFOPLIST_KEY_CFBundleDisplayName = Desafio_Somosphi;
				INFOPLIST_KEY_UIApplicationSupportsIndirectInputEvents = YES;
				INFOPLIST_KEY_UILaunchStoryboardName = LaunchScreen;
				INFOPLIST_KEY_UIMainStoryboardFile = ExtractStoryboard;
				INFOPLIST_KEY_UISupportedInterfaceOrientations_iPad = "UIInterfaceOrientationPortrait UIInterfaceOrientationPortraitUpsideDown UIInterfaceOrientationLandscapeLeft UIInterfaceOrientationLandscapeRight";
				INFOPLIST_KEY_UISupportedInterfaceOrientations_iPhone = "UIInterfaceOrientationPortrait UIInterfaceOrientationLandscapeLeft UIInterfaceOrientationLandscapeRight";
				LD_RUNPATH_SEARCH_PATHS = (
					"$(inherited)",
					"@executable_path/Frameworks",
				);
				MARKETING_VERSION = 1.0;
				PRODUCT_BUNDLE_IDENTIFIER = "com.sucris.Desafio-Somosphi";
				PRODUCT_NAME = "$(TARGET_NAME)";
				SWIFT_EMIT_LOC_STRINGS = YES;
				SWIFT_VERSION = 5.0;
				TARGETED_DEVICE_FAMILY = "1,2";
			};
			name = Debug;
		};
		8C9287DE2899FA9A00E9C696 /* Release */ = {
			isa = XCBuildConfiguration;
			buildSettings = {
				ASSETCATALOG_COMPILER_APPICON_NAME = AppIcon;
				ASSETCATALOG_COMPILER_GLOBAL_ACCENT_COLOR_NAME = AccentColor;
				CODE_SIGN_STYLE = Automatic;
				CURRENT_PROJECT_VERSION = 1;
				DEVELOPMENT_TEAM = 5AN4GAV8W4;
				GENERATE_INFOPLIST_FILE = YES;
				INFOPLIST_FILE = Desafio_Somosphi/Info.plist;
				INFOPLIST_KEY_CFBundleDisplayName = Desafio_Somosphi;
				INFOPLIST_KEY_UIApplicationSupportsIndirectInputEvents = YES;
				INFOPLIST_KEY_UILaunchStoryboardName = LaunchScreen;
				INFOPLIST_KEY_UIMainStoryboardFile = ExtractStoryboard;
				INFOPLIST_KEY_UISupportedInterfaceOrientations_iPad = "UIInterfaceOrientationPortrait UIInterfaceOrientationPortraitUpsideDown UIInterfaceOrientationLandscapeLeft UIInterfaceOrientationLandscapeRight";
				INFOPLIST_KEY_UISupportedInterfaceOrientations_iPhone = "UIInterfaceOrientationPortrait UIInterfaceOrientationLandscapeLeft UIInterfaceOrientationLandscapeRight";
				LD_RUNPATH_SEARCH_PATHS = (
					"$(inherited)",
					"@executable_path/Frameworks",
				);
				MARKETING_VERSION = 1.0;
				PRODUCT_BUNDLE_IDENTIFIER = "com.sucris.Desafio-Somosphi";
				PRODUCT_NAME = "$(TARGET_NAME)";
				SWIFT_EMIT_LOC_STRINGS = YES;
				SWIFT_VERSION = 5.0;
				TARGETED_DEVICE_FAMILY = "1,2";
			};
			name = Release;
		};
/* End XCBuildConfiguration section */

/* Begin XCConfigurationList section */
		8C9287C32899FA9800E9C696 /* Build configuration list for PBXProject "Desafio_Somosphi" */ = {
			isa = XCConfigurationList;
			buildConfigurations = (
				8C9287DA2899FA9A00E9C696 /* Debug */,
				8C9287DB2899FA9A00E9C696 /* Release */,
			);
			defaultConfigurationIsVisible = 0;
			defaultConfigurationName = Release;
		};
		8C9287DC2899FA9A00E9C696 /* Build configuration list for PBXNativeTarget "Desafio_Somosphi" */ = {
			isa = XCConfigurationList;
			buildConfigurations = (
				8C9287DD2899FA9A00E9C696 /* Debug */,
				8C9287DE2899FA9A00E9C696 /* Release */,
			);
			defaultConfigurationIsVisible = 0;
			defaultConfigurationName = Release;
		};
/* End XCConfigurationList section */
	};
	rootObject = 8C9287C02899FA9800E9C696 /* Project object */;
}
