// !$*UTF8*$!
{
	archiveVersion = 1;
	classes = {
	};
	objectVersion = 50;
	objects = {

/* Begin PBXBuildFile section */
		CAD2BC0F255A1A1600781FA0 /* AppDelegate.swift in Sources */ = {isa = PBXBuildFile; fileRef = CAD2BC0E255A1A1600781FA0 /* AppDelegate.swift */; };
		CAD2BC11255A1A1600781FA0 /* SceneDelegate.swift in Sources */ = {isa = PBXBuildFile; fileRef = CAD2BC10255A1A1600781FA0 /* SceneDelegate.swift */; };
		CAD2BC13255A1A1600781FA0 /* MainViewController.swift in Sources */ = {isa = PBXBuildFile; fileRef = CAD2BC12255A1A1600781FA0 /* MainViewController.swift */; };
		CAD2BC18255A1A1900781FA0 /* Assets.xcassets in Resources */ = {isa = PBXBuildFile; fileRef = CAD2BC17255A1A1900781FA0 /* Assets.xcassets */; };
		CAD2BC1B255A1A1900781FA0 /* LaunchScreen.storyboard in Resources */ = {isa = PBXBuildFile; fileRef = CAD2BC19255A1A1900781FA0 /* LaunchScreen.storyboard */; };
		CAD2BC2D255A1B9C00781FA0 /* GlobalConstants.swift in Sources */ = {isa = PBXBuildFile; fileRef = CAD2BC2C255A1B9C00781FA0 /* GlobalConstants.swift */; };
		CAD2BC31255A1BE100781FA0 /* Path.swift in Sources */ = {isa = PBXBuildFile; fileRef = CAD2BC30255A1BE100781FA0 /* Path.swift */; };
		CAD2BC35255A1BEC00781FA0 /* APIRequest.swift in Sources */ = {isa = PBXBuildFile; fileRef = CAD2BC34255A1BEC00781FA0 /* APIRequest.swift */; };
		CAD2BC38255A1BF500781FA0 /* APILogger.swift in Sources */ = {isa = PBXBuildFile; fileRef = CAD2BC37255A1BF500781FA0 /* APILogger.swift */; };
		CAD2BC3C255A1C4C00781FA0 /* AppError.swift in Sources */ = {isa = PBXBuildFile; fileRef = CAD2BC3B255A1C4B00781FA0 /* AppError.swift */; };
		CAD2BC44255A1EB200781FA0 /* BalanceResponse.swift in Sources */ = {isa = PBXBuildFile; fileRef = CAD2BC43255A1EB200781FA0 /* BalanceResponse.swift */; };
		CAD2BC68255B0E9000781FA0 /* StatementResponse.swift in Sources */ = {isa = PBXBuildFile; fileRef = CAD2BC67255B0E9000781FA0 /* StatementResponse.swift */; };
		CAD2BC6C255B146F00781FA0 /* UIColor.swift in Sources */ = {isa = PBXBuildFile; fileRef = CAD2BC6B255B146F00781FA0 /* UIColor.swift */; };
		CAD2BC70255B167800781FA0 /* StyleSheet.swift in Sources */ = {isa = PBXBuildFile; fileRef = CAD2BC6F255B167800781FA0 /* StyleSheet.swift */; };
		CAD2BC75255B1AF700781FA0 /* MainProtocols.swift in Sources */ = {isa = PBXBuildFile; fileRef = CAD2BC74255B1AF700781FA0 /* MainProtocols.swift */; };
		CAD2BC7A255B1D8F00781FA0 /* StatementCell.swift in Sources */ = {isa = PBXBuildFile; fileRef = CAD2BC79255B1D8F00781FA0 /* StatementCell.swift */; };
		CAD2BC7F255B2A1000781FA0 /* BalanceHeader.swift in Sources */ = {isa = PBXBuildFile; fileRef = CAD2BC7E255B2A1000781FA0 /* BalanceHeader.swift */; };
		CAD2BC86255B703800781FA0 /* MainPresenter.swift in Sources */ = {isa = PBXBuildFile; fileRef = CAD2BC85255B703800781FA0 /* MainPresenter.swift */; };
		CAD2BC8A255B704E00781FA0 /* MainRouter.swift in Sources */ = {isa = PBXBuildFile; fileRef = CAD2BC89255B704E00781FA0 /* MainRouter.swift */; };
		CAD2BC8D255B706000781FA0 /* StatementCellPresenter.swift in Sources */ = {isa = PBXBuildFile; fileRef = CAD2BC8C255B706000781FA0 /* StatementCellPresenter.swift */; };
		CAD2BC90255B706B00781FA0 /* StatementCellProtocols.swift in Sources */ = {isa = PBXBuildFile; fileRef = CAD2BC8F255B706B00781FA0 /* StatementCellProtocols.swift */; };
		CAD2BC93255B709F00781FA0 /* BalanceHeaderPresenter.swift in Sources */ = {isa = PBXBuildFile; fileRef = CAD2BC92255B709F00781FA0 /* BalanceHeaderPresenter.swift */; };
		CAD2BC96255B70AE00781FA0 /* BalanceHeaderProtocols.swift in Sources */ = {isa = PBXBuildFile; fileRef = CAD2BC95255B70AE00781FA0 /* BalanceHeaderProtocols.swift */; };
		CAD2BC9B255B71BA00781FA0 /* Loader.swift in Sources */ = {isa = PBXBuildFile; fileRef = CAD2BC9A255B71BA00781FA0 /* Loader.swift */; };
		CAD2BC9F255B71C700781FA0 /* ActivityIndicator.swift in Sources */ = {isa = PBXBuildFile; fileRef = CAD2BC9E255B71C700781FA0 /* ActivityIndicator.swift */; };
		CAD2BCA6255C16E400781FA0 /* ServicesProtocols.swift in Sources */ = {isa = PBXBuildFile; fileRef = CAD2BCA5255C16E300781FA0 /* ServicesProtocols.swift */; };
		CAD2BCB0255C1F5300781FA0 /* UIViewController.swift in Sources */ = {isa = PBXBuildFile; fileRef = CAD2BCAF255C1F5300781FA0 /* UIViewController.swift */; };
		CAD2BCB3255C1FAA00781FA0 /* BalanceService.swift in Sources */ = {isa = PBXBuildFile; fileRef = CAD2BCB2255C1FAA00781FA0 /* BalanceService.swift */; };
		CAD2BCB6255C1FBB00781FA0 /* StatementService.swift in Sources */ = {isa = PBXBuildFile; fileRef = CAD2BCB5255C1FBB00781FA0 /* StatementService.swift */; };
		CAD2BCB9255C1FC800781FA0 /* DetailsService.swift in Sources */ = {isa = PBXBuildFile; fileRef = CAD2BCB8255C1FC800781FA0 /* DetailsService.swift */; };
		CAD2BCBC255C21E700781FA0 /* UIAlertAction.swift in Sources */ = {isa = PBXBuildFile; fileRef = CAD2BCBB255C21E700781FA0 /* UIAlertAction.swift */; };
		CAD2BCCD255C8D8D00781FA0 /* String.swift in Sources */ = {isa = PBXBuildFile; fileRef = CAD2BCCC255C8D8D00781FA0 /* String.swift */; };
		CAD2BCD0255CB64300781FA0 /* UIView.swift in Sources */ = {isa = PBXBuildFile; fileRef = CAD2BCCF255CB64200781FA0 /* UIView.swift */; };
		CAD8763F255EE6E900AC0856 /* DetailsViewController.swift in Sources */ = {isa = PBXBuildFile; fileRef = CAD8763E255EE6E900AC0856 /* DetailsViewController.swift */; };
		CAD87642255EE6FC00AC0856 /* DetailsPresenter.swift in Sources */ = {isa = PBXBuildFile; fileRef = CAD87641255EE6FC00AC0856 /* DetailsPresenter.swift */; };
		CAD87645255EE71600AC0856 /* DetailsProtocols.swift in Sources */ = {isa = PBXBuildFile; fileRef = CAD87644255EE71600AC0856 /* DetailsProtocols.swift */; };
		CAD87649255EE73000AC0856 /* DetailsRouter.swift in Sources */ = {isa = PBXBuildFile; fileRef = CAD87648255EE73000AC0856 /* DetailsRouter.swift */; };
		CAD87653255EFFE200AC0856 /* ReceiptReusableView.swift in Sources */ = {isa = PBXBuildFile; fileRef = CAD87652255EFFE200AC0856 /* ReceiptReusableView.swift */; };
/* End PBXBuildFile section */

/* Begin PBXFileReference section */
		CAD2BC0B255A1A1600781FA0 /* PhiChallenge.app */ = {isa = PBXFileReference; explicitFileType = wrapper.application; includeInIndex = 0; path = PhiChallenge.app; sourceTree = BUILT_PRODUCTS_DIR; };
		CAD2BC0E255A1A1600781FA0 /* AppDelegate.swift */ = {isa = PBXFileReference; lastKnownFileType = sourcecode.swift; path = AppDelegate.swift; sourceTree = "<group>"; };
		CAD2BC10255A1A1600781FA0 /* SceneDelegate.swift */ = {isa = PBXFileReference; lastKnownFileType = sourcecode.swift; path = SceneDelegate.swift; sourceTree = "<group>"; };
		CAD2BC12255A1A1600781FA0 /* MainViewController.swift */ = {isa = PBXFileReference; lastKnownFileType = sourcecode.swift; path = MainViewController.swift; sourceTree = "<group>"; };
		CAD2BC17255A1A1900781FA0 /* Assets.xcassets */ = {isa = PBXFileReference; lastKnownFileType = folder.assetcatalog; path = Assets.xcassets; sourceTree = "<group>"; };
		CAD2BC1A255A1A1900781FA0 /* Base */ = {isa = PBXFileReference; lastKnownFileType = file.storyboard; name = Base; path = Base.lproj/LaunchScreen.storyboard; sourceTree = "<group>"; };
		CAD2BC1C255A1A1900781FA0 /* Info.plist */ = {isa = PBXFileReference; lastKnownFileType = text.plist.xml; path = Info.plist; sourceTree = "<group>"; };
		CAD2BC2C255A1B9C00781FA0 /* GlobalConstants.swift */ = {isa = PBXFileReference; lastKnownFileType = sourcecode.swift; path = GlobalConstants.swift; sourceTree = "<group>"; };
		CAD2BC30255A1BE100781FA0 /* Path.swift */ = {isa = PBXFileReference; lastKnownFileType = sourcecode.swift; path = Path.swift; sourceTree = "<group>"; };
		CAD2BC34255A1BEC00781FA0 /* APIRequest.swift */ = {isa = PBXFileReference; lastKnownFileType = sourcecode.swift; path = APIRequest.swift; sourceTree = "<group>"; };
		CAD2BC37255A1BF500781FA0 /* APILogger.swift */ = {isa = PBXFileReference; lastKnownFileType = sourcecode.swift; path = APILogger.swift; sourceTree = "<group>"; };
		CAD2BC3B255A1C4B00781FA0 /* AppError.swift */ = {isa = PBXFileReference; lastKnownFileType = sourcecode.swift; path = AppError.swift; sourceTree = "<group>"; };
		CAD2BC43255A1EB200781FA0 /* BalanceResponse.swift */ = {isa = PBXFileReference; lastKnownFileType = sourcecode.swift; path = BalanceResponse.swift; sourceTree = "<group>"; };
		CAD2BC67255B0E9000781FA0 /* StatementResponse.swift */ = {isa = PBXFileReference; lastKnownFileType = sourcecode.swift; path = StatementResponse.swift; sourceTree = "<group>"; };
		CAD2BC6B255B146F00781FA0 /* UIColor.swift */ = {isa = PBXFileReference; lastKnownFileType = sourcecode.swift; path = UIColor.swift; sourceTree = "<group>"; };
		CAD2BC6F255B167800781FA0 /* StyleSheet.swift */ = {isa = PBXFileReference; lastKnownFileType = sourcecode.swift; path = StyleSheet.swift; sourceTree = "<group>"; };
		CAD2BC74255B1AF700781FA0 /* MainProtocols.swift */ = {isa = PBXFileReference; lastKnownFileType = sourcecode.swift; path = MainProtocols.swift; sourceTree = "<group>"; };
		CAD2BC79255B1D8F00781FA0 /* StatementCell.swift */ = {isa = PBXFileReference; lastKnownFileType = sourcecode.swift; path = StatementCell.swift; sourceTree = "<group>"; };
		CAD2BC7E255B2A1000781FA0 /* BalanceHeader.swift */ = {isa = PBXFileReference; lastKnownFileType = sourcecode.swift; path = BalanceHeader.swift; sourceTree = "<group>"; };
		CAD2BC85255B703800781FA0 /* MainPresenter.swift */ = {isa = PBXFileReference; lastKnownFileType = sourcecode.swift; path = MainPresenter.swift; sourceTree = "<group>"; };
		CAD2BC89255B704E00781FA0 /* MainRouter.swift */ = {isa = PBXFileReference; lastKnownFileType = sourcecode.swift; path = MainRouter.swift; sourceTree = "<group>"; };
		CAD2BC8C255B706000781FA0 /* StatementCellPresenter.swift */ = {isa = PBXFileReference; lastKnownFileType = sourcecode.swift; path = StatementCellPresenter.swift; sourceTree = "<group>"; };
		CAD2BC8F255B706B00781FA0 /* StatementCellProtocols.swift */ = {isa = PBXFileReference; lastKnownFileType = sourcecode.swift; path = StatementCellProtocols.swift; sourceTree = "<group>"; };
		CAD2BC92255B709F00781FA0 /* BalanceHeaderPresenter.swift */ = {isa = PBXFileReference; lastKnownFileType = sourcecode.swift; path = BalanceHeaderPresenter.swift; sourceTree = "<group>"; };
		CAD2BC95255B70AE00781FA0 /* BalanceHeaderProtocols.swift */ = {isa = PBXFileReference; lastKnownFileType = sourcecode.swift; path = BalanceHeaderProtocols.swift; sourceTree = "<group>"; };
		CAD2BC9A255B71BA00781FA0 /* Loader.swift */ = {isa = PBXFileReference; lastKnownFileType = sourcecode.swift; path = Loader.swift; sourceTree = "<group>"; };
		CAD2BC9E255B71C700781FA0 /* ActivityIndicator.swift */ = {isa = PBXFileReference; lastKnownFileType = sourcecode.swift; path = ActivityIndicator.swift; sourceTree = "<group>"; };
		CAD2BCA5255C16E300781FA0 /* ServicesProtocols.swift */ = {isa = PBXFileReference; lastKnownFileType = sourcecode.swift; path = ServicesProtocols.swift; sourceTree = "<group>"; };
		CAD2BCAF255C1F5300781FA0 /* UIViewController.swift */ = {isa = PBXFileReference; lastKnownFileType = sourcecode.swift; path = UIViewController.swift; sourceTree = "<group>"; };
		CAD2BCB2255C1FAA00781FA0 /* BalanceService.swift */ = {isa = PBXFileReference; lastKnownFileType = sourcecode.swift; path = BalanceService.swift; sourceTree = "<group>"; };
		CAD2BCB5255C1FBB00781FA0 /* StatementService.swift */ = {isa = PBXFileReference; lastKnownFileType = sourcecode.swift; path = StatementService.swift; sourceTree = "<group>"; };
		CAD2BCB8255C1FC800781FA0 /* DetailsService.swift */ = {isa = PBXFileReference; lastKnownFileType = sourcecode.swift; path = DetailsService.swift; sourceTree = "<group>"; };
		CAD2BCBB255C21E700781FA0 /* UIAlertAction.swift */ = {isa = PBXFileReference; lastKnownFileType = sourcecode.swift; path = UIAlertAction.swift; sourceTree = "<group>"; };
		CAD2BCCC255C8D8D00781FA0 /* String.swift */ = {isa = PBXFileReference; lastKnownFileType = sourcecode.swift; path = String.swift; sourceTree = "<group>"; };
		CAD2BCCF255CB64200781FA0 /* UIView.swift */ = {isa = PBXFileReference; lastKnownFileType = sourcecode.swift; path = UIView.swift; sourceTree = "<group>"; };
		CAD8763E255EE6E900AC0856 /* DetailsViewController.swift */ = {isa = PBXFileReference; lastKnownFileType = sourcecode.swift; path = DetailsViewController.swift; sourceTree = "<group>"; };
		CAD87641255EE6FC00AC0856 /* DetailsPresenter.swift */ = {isa = PBXFileReference; lastKnownFileType = sourcecode.swift; path = DetailsPresenter.swift; sourceTree = "<group>"; };
		CAD87644255EE71600AC0856 /* DetailsProtocols.swift */ = {isa = PBXFileReference; lastKnownFileType = sourcecode.swift; path = DetailsProtocols.swift; sourceTree = "<group>"; };
		CAD87648255EE73000AC0856 /* DetailsRouter.swift */ = {isa = PBXFileReference; lastKnownFileType = sourcecode.swift; path = DetailsRouter.swift; sourceTree = "<group>"; };
		CAD87652255EFFE200AC0856 /* ReceiptReusableView.swift */ = {isa = PBXFileReference; lastKnownFileType = sourcecode.swift; path = ReceiptReusableView.swift; sourceTree = "<group>"; };
/* End PBXFileReference section */

/* Begin PBXFrameworksBuildPhase section */
		CAD2BC08255A1A1600781FA0 /* Frameworks */ = {
			isa = PBXFrameworksBuildPhase;
			buildActionMask = 2147483647;
			files = (
			);
			runOnlyForDeploymentPostprocessing = 0;
		};
/* End PBXFrameworksBuildPhase section */

/* Begin PBXGroup section */
		CAD2BC02255A1A1600781FA0 = {
			isa = PBXGroup;
			children = (
				CAD2BC0D255A1A1600781FA0 /* PhiChallenge */,
				CAD2BC0C255A1A1600781FA0 /* Products */,
			);
			sourceTree = "<group>";
		};
		CAD2BC0C255A1A1600781FA0 /* Products */ = {
			isa = PBXGroup;
			children = (
				CAD2BC0B255A1A1600781FA0 /* PhiChallenge.app */,
			);
			name = Products;
			sourceTree = "<group>";
		};
		CAD2BC0D255A1A1600781FA0 /* PhiChallenge */ = {
			isa = PBXGroup;
			children = (
				CAD2BC0E255A1A1600781FA0 /* AppDelegate.swift */,
				CAD2BC10255A1A1600781FA0 /* SceneDelegate.swift */,
				CAD2BC26255A1B4400781FA0 /* API */,
				CAD2BC3A255A1C3300781FA0 /* Error */,
				CAD2BC27255A1B5100781FA0 /* Entities */,
				CAD2BCA1255B731E00781FA0 /* Services */,
				CAD2BC28255A1B5C00781FA0 /* Scenes */,
				CAD2BC2A255A1B6F00781FA0 /* Extensions */,
				CAD2BC29255A1B6800781FA0 /* Components */,
				CAD2BC2B255A1B8900781FA0 /* Resources */,
				CAD2BC1C255A1A1900781FA0 /* Info.plist */,
			);
			path = PhiChallenge;
			sourceTree = "<group>";
		};
		CAD2BC26255A1B4400781FA0 /* API */ = {
			isa = PBXGroup;
			children = (
				CAD2BC30255A1BE100781FA0 /* Path.swift */,
				CAD2BC34255A1BEC00781FA0 /* APIRequest.swift */,
				CAD2BC37255A1BF500781FA0 /* APILogger.swift */,
			);
			path = API;
			sourceTree = "<group>";
		};
		CAD2BC27255A1B5100781FA0 /* Entities */ = {
			isa = PBXGroup;
			children = (
				CAD2BC43255A1EB200781FA0 /* BalanceResponse.swift */,
				CAD2BC67255B0E9000781FA0 /* StatementResponse.swift */,
			);
			path = Entities;
			sourceTree = "<group>";
		};
		CAD2BC28255A1B5C00781FA0 /* Scenes */ = {
			isa = PBXGroup;
			children = (
				CAD2BC77255B1D5200781FA0 /* MainScreen */,
				CAD2BCA2255B737200781FA0 /* DetailsScreen */,
			);
			path = Scenes;
			sourceTree = "<group>";
		};
		CAD2BC29255A1B6800781FA0 /* Components */ = {
			isa = PBXGroup;
			children = (
				CAD2BC99255B71A500781FA0 /* Loader */,
			);
			path = Components;
			sourceTree = "<group>";
		};
		CAD2BC2A255A1B6F00781FA0 /* Extensions */ = {
			isa = PBXGroup;
			children = (
				CAD2BCD3255CC34A00781FA0 /* String */,
				CAD2BCAE255C1F3E00781FA0 /* UI */,
			);
			path = Extensions;
			sourceTree = "<group>";
		};
		CAD2BC2B255A1B8900781FA0 /* Resources */ = {
			isa = PBXGroup;
			children = (
				CAD2BC6F255B167800781FA0 /* StyleSheet.swift */,
				CAD2BC2C255A1B9C00781FA0 /* GlobalConstants.swift */,
				CAD2BC17255A1A1900781FA0 /* Assets.xcassets */,
				CAD2BC19255A1A1900781FA0 /* LaunchScreen.storyboard */,
			);
			path = Resources;
			sourceTree = "<group>";
		};
		CAD2BC3A255A1C3300781FA0 /* Error */ = {
			isa = PBXGroup;
			children = (
				CAD2BC3B255A1C4B00781FA0 /* AppError.swift */,
			);
			path = Error;
			sourceTree = "<group>";
		};
		CAD2BC77255B1D5200781FA0 /* MainScreen */ = {
			isa = PBXGroup;
			children = (
				CAD2BC7D255B29F600781FA0 /* Header */,
				CAD2BC78255B1D6F00781FA0 /* Cell */,
				CAD2BC12255A1A1600781FA0 /* MainViewController.swift */,
				CAD2BC85255B703800781FA0 /* MainPresenter.swift */,
				CAD2BC89255B704E00781FA0 /* MainRouter.swift */,
				CAD2BC74255B1AF700781FA0 /* MainProtocols.swift */,
			);
			path = MainScreen;
			sourceTree = "<group>";
		};
		CAD2BC78255B1D6F00781FA0 /* Cell */ = {
			isa = PBXGroup;
			children = (
				CAD2BC79255B1D8F00781FA0 /* StatementCell.swift */,
				CAD2BC8C255B706000781FA0 /* StatementCellPresenter.swift */,
				CAD2BC8F255B706B00781FA0 /* StatementCellProtocols.swift */,
			);
			path = Cell;
			sourceTree = "<group>";
		};
		CAD2BC7D255B29F600781FA0 /* Header */ = {
			isa = PBXGroup;
			children = (
				CAD2BC7E255B2A1000781FA0 /* BalanceHeader.swift */,
				CAD2BC92255B709F00781FA0 /* BalanceHeaderPresenter.swift */,
				CAD2BC95255B70AE00781FA0 /* BalanceHeaderProtocols.swift */,
			);
			path = Header;
			sourceTree = "<group>";
		};
		CAD2BC99255B71A500781FA0 /* Loader */ = {
			isa = PBXGroup;
			children = (
				CAD2BC9A255B71BA00781FA0 /* Loader.swift */,
				CAD2BC9E255B71C700781FA0 /* ActivityIndicator.swift */,
			);
			path = Loader;
			sourceTree = "<group>";
		};
		CAD2BCA1255B731E00781FA0 /* Services */ = {
			isa = PBXGroup;
			children = (
				CAD2BCB2255C1FAA00781FA0 /* BalanceService.swift */,
				CAD2BCB5255C1FBB00781FA0 /* StatementService.swift */,
				CAD2BCB8255C1FC800781FA0 /* DetailsService.swift */,
				CAD2BCA5255C16E300781FA0 /* ServicesProtocols.swift */,
			);
			path = Services;
			sourceTree = "<group>";
		};
		CAD2BCA2255B737200781FA0 /* DetailsScreen */ = {
			isa = PBXGroup;
			children = (
				CAD87652255EFFE200AC0856 /* ReceiptReusableView.swift */,
				CAD8763E255EE6E900AC0856 /* DetailsViewController.swift */,
				CAD87641255EE6FC00AC0856 /* DetailsPresenter.swift */,
				CAD87648255EE73000AC0856 /* DetailsRouter.swift */,
				CAD87644255EE71600AC0856 /* DetailsProtocols.swift */,
			);
			path = DetailsScreen;
			sourceTree = "<group>";
		};
		CAD2BCAE255C1F3E00781FA0 /* UI */ = {
			isa = PBXGroup;
			children = (
				CAD2BCCF255CB64200781FA0 /* UIView.swift */,
				CAD2BCAF255C1F5300781FA0 /* UIViewController.swift */,
				CAD2BCBB255C21E700781FA0 /* UIAlertAction.swift */,
				CAD2BC6B255B146F00781FA0 /* UIColor.swift */,
			);
			path = UI;
			sourceTree = "<group>";
		};
		CAD2BCD3255CC34A00781FA0 /* String */ = {
			isa = PBXGroup;
			children = (
				CAD2BCCC255C8D8D00781FA0 /* String.swift */,
			);
			path = String;
			sourceTree = "<group>";
		};
/* End PBXGroup section */

/* Begin PBXNativeTarget section */
		CAD2BC0A255A1A1600781FA0 /* PhiChallenge */ = {
			isa = PBXNativeTarget;
			buildConfigurationList = CAD2BC1F255A1A1900781FA0 /* Build configuration list for PBXNativeTarget "PhiChallenge" */;
			buildPhases = (
				CAD2BC07255A1A1600781FA0 /* Sources */,
				CAD2BC08255A1A1600781FA0 /* Frameworks */,
				CAD2BC09255A1A1600781FA0 /* Resources */,
			);
			buildRules = (
			);
			dependencies = (
			);
			name = PhiChallenge;
			productName = PhiChallenge;
			productReference = CAD2BC0B255A1A1600781FA0 /* PhiChallenge.app */;
			productType = "com.apple.product-type.application";
		};
/* End PBXNativeTarget section */

/* Begin PBXProject section */
		CAD2BC03255A1A1600781FA0 /* Project object */ = {
			isa = PBXProject;
			attributes = {
				LastSwiftUpdateCheck = 1200;
				LastUpgradeCheck = 1200;
				TargetAttributes = {
					CAD2BC0A255A1A1600781FA0 = {
						CreatedOnToolsVersion = 12.0;
					};
				};
			};
			buildConfigurationList = CAD2BC06255A1A1600781FA0 /* Build configuration list for PBXProject "PhiChallenge" */;
			compatibilityVersion = "Xcode 9.3";
			developmentRegion = en;
			hasScannedForEncodings = 0;
			knownRegions = (
				en,
				Base,
			);
			mainGroup = CAD2BC02255A1A1600781FA0;
			productRefGroup = CAD2BC0C255A1A1600781FA0 /* Products */;
			projectDirPath = "";
			projectRoot = "";
			targets = (
				CAD2BC0A255A1A1600781FA0 /* PhiChallenge */,
			);
		};
/* End PBXProject section */

/* Begin PBXResourcesBuildPhase section */
		CAD2BC09255A1A1600781FA0 /* Resources */ = {
			isa = PBXResourcesBuildPhase;
			buildActionMask = 2147483647;
			files = (
				CAD2BC1B255A1A1900781FA0 /* LaunchScreen.storyboard in Resources */,
				CAD2BC18255A1A1900781FA0 /* Assets.xcassets in Resources */,
			);
			runOnlyForDeploymentPostprocessing = 0;
		};
/* End PBXResourcesBuildPhase section */

/* Begin PBXSourcesBuildPhase section */
		CAD2BC07255A1A1600781FA0 /* Sources */ = {
			isa = PBXSourcesBuildPhase;
			buildActionMask = 2147483647;
			files = (
				CAD2BC70255B167800781FA0 /* StyleSheet.swift in Sources */,
				CAD2BC13255A1A1600781FA0 /* MainViewController.swift in Sources */,
				CAD2BC86255B703800781FA0 /* MainPresenter.swift in Sources */,
				CAD2BC9B255B71BA00781FA0 /* Loader.swift in Sources */,
				CAD2BC9F255B71C700781FA0 /* ActivityIndicator.swift in Sources */,
				CAD87642255EE6FC00AC0856 /* DetailsPresenter.swift in Sources */,
				CAD2BC75255B1AF700781FA0 /* MainProtocols.swift in Sources */,
				CAD2BCB9255C1FC800781FA0 /* DetailsService.swift in Sources */,
				CAD87645255EE71600AC0856 /* DetailsProtocols.swift in Sources */,
				CAD2BC6C255B146F00781FA0 /* UIColor.swift in Sources */,
				CAD2BCA6255C16E400781FA0 /* ServicesProtocols.swift in Sources */,
				CAD2BC7F255B2A1000781FA0 /* BalanceHeader.swift in Sources */,
				CAD2BC7A255B1D8F00781FA0 /* StatementCell.swift in Sources */,
				CAD87649255EE73000AC0856 /* DetailsRouter.swift in Sources */,
				CAD2BC0F255A1A1600781FA0 /* AppDelegate.swift in Sources */,
				CAD2BCCD255C8D8D00781FA0 /* String.swift in Sources */,
				CAD2BC11255A1A1600781FA0 /* SceneDelegate.swift in Sources */,
				CAD2BC38255A1BF500781FA0 /* APILogger.swift in Sources */,
				CAD2BC44255A1EB200781FA0 /* BalanceResponse.swift in Sources */,
				CAD2BC3C255A1C4C00781FA0 /* AppError.swift in Sources */,
				CAD2BCD0255CB64300781FA0 /* UIView.swift in Sources */,
				CAD2BCB6255C1FBB00781FA0 /* StatementService.swift in Sources */,
				CAD2BC31255A1BE100781FA0 /* Path.swift in Sources */,
				CAD2BCBC255C21E700781FA0 /* UIAlertAction.swift in Sources */,
				CAD2BC35255A1BEC00781FA0 /* APIRequest.swift in Sources */,
				CAD2BC93255B709F00781FA0 /* BalanceHeaderPresenter.swift in Sources */,
				CAD2BCB3255C1FAA00781FA0 /* BalanceService.swift in Sources */,
				CAD87653255EFFE200AC0856 /* ReceiptReusableView.swift in Sources */,
				CAD2BC68255B0E9000781FA0 /* StatementResponse.swift in Sources */,
				CAD2BCB0255C1F5300781FA0 /* UIViewController.swift in Sources */,
				CAD2BC2D255A1B9C00781FA0 /* GlobalConstants.swift in Sources */,
				CAD8763F255EE6E900AC0856 /* DetailsViewController.swift in Sources */,
				CAD2BC90255B706B00781FA0 /* StatementCellProtocols.swift in Sources */,
				CAD2BC8D255B706000781FA0 /* StatementCellPresenter.swift in Sources */,
				CAD2BC96255B70AE00781FA0 /* BalanceHeaderProtocols.swift in Sources */,
				CAD2BC8A255B704E00781FA0 /* MainRouter.swift in Sources */,
			);
			runOnlyForDeploymentPostprocessing = 0;
		};
/* End PBXSourcesBuildPhase section */

/* Begin PBXVariantGroup section */
		CAD2BC19255A1A1900781FA0 /* LaunchScreen.storyboard */ = {
			isa = PBXVariantGroup;
			children = (
				CAD2BC1A255A1A1900781FA0 /* Base */,
			);
			name = LaunchScreen.storyboard;
			sourceTree = "<group>";
		};
/* End PBXVariantGroup section */

/* Begin XCBuildConfiguration section */
		CAD2BC1D255A1A1900781FA0 /* Debug */ = {
			isa = XCBuildConfiguration;
			buildSettings = {
				ALWAYS_SEARCH_USER_PATHS = NO;
				CLANG_ANALYZER_NONNULL = YES;
				CLANG_ANALYZER_NUMBER_OBJECT_CONVERSION = YES_AGGRESSIVE;
				CLANG_CXX_LANGUAGE_STANDARD = "gnu++14";
				CLANG_CXX_LIBRARY = "libc++";
				CLANG_ENABLE_MODULES = YES;
				CLANG_ENABLE_OBJC_ARC = YES;
				CLANG_ENABLE_OBJC_WEAK = YES;
				CLANG_WARN_BLOCK_CAPTURE_AUTORELEASING = YES;
				CLANG_WARN_BOOL_CONVERSION = YES;
				CLANG_WARN_COMMA = YES;
				CLANG_WARN_CONSTANT_CONVERSION = YES;
				CLANG_WARN_DEPRECATED_OBJC_IMPLEMENTATIONS = YES;
				CLANG_WARN_DIRECT_OBJC_ISA_USAGE = YES_ERROR;
				CLANG_WARN_DOCUMENTATION_COMMENTS = YES;
				CLANG_WARN_EMPTY_BODY = YES;
				CLANG_WARN_ENUM_CONVERSION = YES;
				CLANG_WARN_INFINITE_RECURSION = YES;
				CLANG_WARN_INT_CONVERSION = YES;
				CLANG_WARN_NON_LITERAL_NULL_CONVERSION = YES;
				CLANG_WARN_OBJC_IMPLICIT_RETAIN_SELF = YES;
				CLANG_WARN_OBJC_LITERAL_CONVERSION = YES;
				CLANG_WARN_OBJC_ROOT_CLASS = YES_ERROR;
				CLANG_WARN_QUOTED_INCLUDE_IN_FRAMEWORK_HEADER = YES;
				CLANG_WARN_RANGE_LOOP_ANALYSIS = YES;
				CLANG_WARN_STRICT_PROTOTYPES = YES;
				CLANG_WARN_SUSPICIOUS_MOVE = YES;
				CLANG_WARN_UNGUARDED_AVAILABILITY = YES_AGGRESSIVE;
				CLANG_WARN_UNREACHABLE_CODE = YES;
				CLANG_WARN__DUPLICATE_METHOD_MATCH = YES;
				COPY_PHASE_STRIP = NO;
				DEBUG_INFORMATION_FORMAT = dwarf;
				ENABLE_STRICT_OBJC_MSGSEND = YES;
				ENABLE_TESTABILITY = YES;
				GCC_C_LANGUAGE_STANDARD = gnu11;
				GCC_DYNAMIC_NO_PIC = NO;
				GCC_NO_COMMON_BLOCKS = YES;
				GCC_OPTIMIZATION_LEVEL = 0;
				GCC_PREPROCESSOR_DEFINITIONS = (
					"DEBUG=1",
					"$(inherited)",
				);
				GCC_WARN_64_TO_32_BIT_CONVERSION = YES;
				GCC_WARN_ABOUT_RETURN_TYPE = YES_ERROR;
				GCC_WARN_UNDECLARED_SELECTOR = YES;
				GCC_WARN_UNINITIALIZED_AUTOS = YES_AGGRESSIVE;
				GCC_WARN_UNUSED_FUNCTION = YES;
				GCC_WARN_UNUSED_VARIABLE = YES;
				IPHONEOS_DEPLOYMENT_TARGET = 14.0;
				MTL_ENABLE_DEBUG_INFO = INCLUDE_SOURCE;
				MTL_FAST_MATH = YES;
				ONLY_ACTIVE_ARCH = YES;
				SDKROOT = iphoneos;
				SWIFT_ACTIVE_COMPILATION_CONDITIONS = DEBUG;
				SWIFT_OPTIMIZATION_LEVEL = "-Onone";
			};
			name = Debug;
		};
		CAD2BC1E255A1A1900781FA0 /* Release */ = {
			isa = XCBuildConfiguration;
			buildSettings = {
				ALWAYS_SEARCH_USER_PATHS = NO;
				CLANG_ANALYZER_NONNULL = YES;
				CLANG_ANALYZER_NUMBER_OBJECT_CONVERSION = YES_AGGRESSIVE;
				CLANG_CXX_LANGUAGE_STANDARD = "gnu++14";
				CLANG_CXX_LIBRARY = "libc++";
				CLANG_ENABLE_MODULES = YES;
				CLANG_ENABLE_OBJC_ARC = YES;
				CLANG_ENABLE_OBJC_WEAK = YES;
				CLANG_WARN_BLOCK_CAPTURE_AUTORELEASING = YES;
				CLANG_WARN_BOOL_CONVERSION = YES;
				CLANG_WARN_COMMA = YES;
				CLANG_WARN_CONSTANT_CONVERSION = YES;
				CLANG_WARN_DEPRECATED_OBJC_IMPLEMENTATIONS = YES;
				CLANG_WARN_DIRECT_OBJC_ISA_USAGE = YES_ERROR;
				CLANG_WARN_DOCUMENTATION_COMMENTS = YES;
				CLANG_WARN_EMPTY_BODY = YES;
				CLANG_WARN_ENUM_CONVERSION = YES;
				CLANG_WARN_INFINITE_RECURSION = YES;
				CLANG_WARN_INT_CONVERSION = YES;
				CLANG_WARN_NON_LITERAL_NULL_CONVERSION = YES;
				CLANG_WARN_OBJC_IMPLICIT_RETAIN_SELF = YES;
				CLANG_WARN_OBJC_LITERAL_CONVERSION = YES;
				CLANG_WARN_OBJC_ROOT_CLASS = YES_ERROR;
				CLANG_WARN_QUOTED_INCLUDE_IN_FRAMEWORK_HEADER = YES;
				CLANG_WARN_RANGE_LOOP_ANALYSIS = YES;
				CLANG_WARN_STRICT_PROTOTYPES = YES;
				CLANG_WARN_SUSPICIOUS_MOVE = YES;
				CLANG_WARN_UNGUARDED_AVAILABILITY = YES_AGGRESSIVE;
				CLANG_WARN_UNREACHABLE_CODE = YES;
				CLANG_WARN__DUPLICATE_METHOD_MATCH = YES;
				COPY_PHASE_STRIP = NO;
				DEBUG_INFORMATION_FORMAT = "dwarf-with-dsym";
				ENABLE_NS_ASSERTIONS = NO;
				ENABLE_STRICT_OBJC_MSGSEND = YES;
				GCC_C_LANGUAGE_STANDARD = gnu11;
				GCC_NO_COMMON_BLOCKS = YES;
				GCC_WARN_64_TO_32_BIT_CONVERSION = YES;
				GCC_WARN_ABOUT_RETURN_TYPE = YES_ERROR;
				GCC_WARN_UNDECLARED_SELECTOR = YES;
				GCC_WARN_UNINITIALIZED_AUTOS = YES_AGGRESSIVE;
				GCC_WARN_UNUSED_FUNCTION = YES;
				GCC_WARN_UNUSED_VARIABLE = YES;
				IPHONEOS_DEPLOYMENT_TARGET = 14.0;
				MTL_ENABLE_DEBUG_INFO = NO;
				MTL_FAST_MATH = YES;
				SDKROOT = iphoneos;
				SWIFT_COMPILATION_MODE = wholemodule;
				SWIFT_OPTIMIZATION_LEVEL = "-O";
				VALIDATE_PRODUCT = YES;
			};
			name = Release;
		};
		CAD2BC20255A1A1900781FA0 /* Debug */ = {
			isa = XCBuildConfiguration;
			buildSettings = {
				ASSETCATALOG_COMPILER_APPICON_NAME = AppIcon;
				ASSETCATALOG_COMPILER_GLOBAL_ACCENT_COLOR_NAME = AccentColor;
				CODE_SIGN_STYLE = Automatic;
				DEVELOPMENT_TEAM = 9WTTGK45XY;
				INFOPLIST_FILE = PhiChallenge/Info.plist;
				LD_RUNPATH_SEARCH_PATHS = (
					"$(inherited)",
					"@executable_path/Frameworks",
				);
				PRODUCT_BUNDLE_IDENTIFIER = com.felipewilke.PhiChallenge;
				PRODUCT_NAME = "$(TARGET_NAME)";
				SWIFT_VERSION = 5.0;
				TARGETED_DEVICE_FAMILY = "1,2";
			};
			name = Debug;
		};
		CAD2BC21255A1A1900781FA0 /* Release */ = {
			isa = XCBuildConfiguration;
			buildSettings = {
				ASSETCATALOG_COMPILER_APPICON_NAME = AppIcon;
				ASSETCATALOG_COMPILER_GLOBAL_ACCENT_COLOR_NAME = AccentColor;
				CODE_SIGN_STYLE = Automatic;
				DEVELOPMENT_TEAM = 9WTTGK45XY;
				INFOPLIST_FILE = PhiChallenge/Info.plist;
				LD_RUNPATH_SEARCH_PATHS = (
					"$(inherited)",
					"@executable_path/Frameworks",
				);
				PRODUCT_BUNDLE_IDENTIFIER = com.felipewilke.PhiChallenge;
				PRODUCT_NAME = "$(TARGET_NAME)";
				SWIFT_VERSION = 5.0;
				TARGETED_DEVICE_FAMILY = "1,2";
			};
			name = Release;
		};
/* End XCBuildConfiguration section */

/* Begin XCConfigurationList section */
		CAD2BC06255A1A1600781FA0 /* Build configuration list for PBXProject "PhiChallenge" */ = {
			isa = XCConfigurationList;
			buildConfigurations = (
				CAD2BC1D255A1A1900781FA0 /* Debug */,
				CAD2BC1E255A1A1900781FA0 /* Release */,
			);
			defaultConfigurationIsVisible = 0;
			defaultConfigurationName = Release;
		};
		CAD2BC1F255A1A1900781FA0 /* Build configuration list for PBXNativeTarget "PhiChallenge" */ = {
			isa = XCConfigurationList;
			buildConfigurations = (
				CAD2BC20255A1A1900781FA0 /* Debug */,
				CAD2BC21255A1A1900781FA0 /* Release */,
			);
			defaultConfigurationIsVisible = 0;
			defaultConfigurationName = Release;
		};
/* End XCConfigurationList section */
	};
	rootObject = CAD2BC03255A1A1600781FA0 /* Project object */;
}
