// !$*UTF8*$!
{
	archiveVersion = 1;
	classes = {
	};
	objectVersion = 51;
	objects = {

/* Begin PBXBuildFile section */
		2EBB8C281AFD832C1411AECE /* libPods-desafio-iosUITests.a in Frameworks */ = {isa = PBXBuildFile; fileRef = 2922E1D11A6ED544949232AB /* libPods-desafio-iosUITests.a */; };
		86D0533B19D0D5EC31F611BC /* libPods-desafio-iosTests.a in Frameworks */ = {isa = PBXBuildFile; fileRef = 6E9A3733DDE5A58EAF47394A /* libPods-desafio-iosTests.a */; };
		AC84D545257E4EE800DA8CC7 /* MainCoordinator.swift in Sources */ = {isa = PBXBuildFile; fileRef = AC84D544257E4EE800DA8CC7 /* MainCoordinator.swift */; };
		AC84D54F257E533800DA8CC7 /* Colors.xcassets in Resources */ = {isa = PBXBuildFile; fileRef = AC84D54E257E533800DA8CC7 /* Colors.xcassets */; };
		AC84D556257E5EDD00DA8CC7 /* StatementTableViewCell.swift in Sources */ = {isa = PBXBuildFile; fileRef = AC84D555257E5EDD00DA8CC7 /* StatementTableViewCell.swift */; };
		AC84D564257E629100DA8CC7 /* Ammount.swift in Sources */ = {isa = PBXBuildFile; fileRef = AC84D563257E629100DA8CC7 /* Ammount.swift */; };
		AC84D569257E62D400DA8CC7 /* NetworkService.swift in Sources */ = {isa = PBXBuildFile; fileRef = AC84D568257E62D400DA8CC7 /* NetworkService.swift */; };
		AC84D56E257E65E200DA8CC7 /* Statement.swift in Sources */ = {isa = PBXBuildFile; fileRef = AC84D56D257E65E200DA8CC7 /* Statement.swift */; };
		ACA380F42581630500C6347A /* DetailView.storyboard in Resources */ = {isa = PBXBuildFile; fileRef = ACA380F32581630500C6347A /* DetailView.storyboard */; };
		ACA380F92581635A00C6347A /* DetailViewController.swift in Sources */ = {isa = PBXBuildFile; fileRef = ACA380F82581635A00C6347A /* DetailViewController.swift */; };
		ACA380FE258163CD00C6347A /* DetailViewModel.swift in Sources */ = {isa = PBXBuildFile; fileRef = ACA380FD258163CD00C6347A /* DetailViewModel.swift */; };
		ACBFE914257C260E00D7CA99 /* AppDelegate.swift in Sources */ = {isa = PBXBuildFile; fileRef = ACBFE913257C260E00D7CA99 /* AppDelegate.swift */; };
		ACBFE916257C260E00D7CA99 /* SceneDelegate.swift in Sources */ = {isa = PBXBuildFile; fileRef = ACBFE915257C260E00D7CA99 /* SceneDelegate.swift */; };
		ACBFE918257C260E00D7CA99 /* StatementViewController.swift in Sources */ = {isa = PBXBuildFile; fileRef = ACBFE917257C260E00D7CA99 /* StatementViewController.swift */; };
		ACBFE91B257C260E00D7CA99 /* StatementView.storyboard in Resources */ = {isa = PBXBuildFile; fileRef = ACBFE919257C260E00D7CA99 /* StatementView.storyboard */; };
		ACBFE91E257C260E00D7CA99 /* desafio_ios.xcdatamodeld in Sources */ = {isa = PBXBuildFile; fileRef = ACBFE91C257C260E00D7CA99 /* desafio_ios.xcdatamodeld */; };
		ACBFE920257C261200D7CA99 /* Assets.xcassets in Resources */ = {isa = PBXBuildFile; fileRef = ACBFE91F257C261200D7CA99 /* Assets.xcassets */; };
		ACBFE923257C261200D7CA99 /* LaunchScreen.storyboard in Resources */ = {isa = PBXBuildFile; fileRef = ACBFE921257C261200D7CA99 /* LaunchScreen.storyboard */; };
		ACBFE92E257C261200D7CA99 /* desafio_iosTests.swift in Sources */ = {isa = PBXBuildFile; fileRef = ACBFE92D257C261200D7CA99 /* desafio_iosTests.swift */; };
		ACBFE939257C261200D7CA99 /* desafio_iosUITests.swift in Sources */ = {isa = PBXBuildFile; fileRef = ACBFE938257C261200D7CA99 /* desafio_iosUITests.swift */; };
		ACF22742257E4D7000589D9B /* StatementViewModel.swift in Sources */ = {isa = PBXBuildFile; fileRef = ACF22741257E4D7000589D9B /* StatementViewModel.swift */; };
		D31F0B53C418B9E68E38E44B /* Pods_desafio_ios.framework in Frameworks */ = {isa = PBXBuildFile; fileRef = E24E78C4CF4E9DAE7089B752 /* Pods_desafio_ios.framework */; };
/* End PBXBuildFile section */

/* Begin PBXContainerItemProxy section */
		ACBFE92A257C261200D7CA99 /* PBXContainerItemProxy */ = {
			isa = PBXContainerItemProxy;
			containerPortal = ACBFE908257C260E00D7CA99 /* Project object */;
			proxyType = 1;
			remoteGlobalIDString = ACBFE90F257C260E00D7CA99;
			remoteInfo = "desafio-ios";
		};
		ACBFE935257C261200D7CA99 /* PBXContainerItemProxy */ = {
			isa = PBXContainerItemProxy;
			containerPortal = ACBFE908257C260E00D7CA99 /* Project object */;
			proxyType = 1;
			remoteGlobalIDString = ACBFE90F257C260E00D7CA99;
			remoteInfo = "desafio-ios";
		};
/* End PBXContainerItemProxy section */

/* Begin PBXFileReference section */
		0690220F4C5AB168BCF331A1 /* Pods-desafio-ios.debug.xcconfig */ = {isa = PBXFileReference; includeInIndex = 1; lastKnownFileType = text.xcconfig; name = "Pods-desafio-ios.debug.xcconfig"; path = "Target Support Files/Pods-desafio-ios/Pods-desafio-ios.debug.xcconfig"; sourceTree = "<group>"; };
		15CFFA6517AC9DF5EF181154 /* Pods-desafio-iosTests.debug.xcconfig */ = {isa = PBXFileReference; includeInIndex = 1; lastKnownFileType = text.xcconfig; name = "Pods-desafio-iosTests.debug.xcconfig"; path = "Target Support Files/Pods-desafio-iosTests/Pods-desafio-iosTests.debug.xcconfig"; sourceTree = "<group>"; };
		2922E1D11A6ED544949232AB /* libPods-desafio-iosUITests.a */ = {isa = PBXFileReference; explicitFileType = archive.ar; includeInIndex = 0; path = "libPods-desafio-iosUITests.a"; sourceTree = BUILT_PRODUCTS_DIR; };
		3F068D4C3A00994D2F16EA92 /* Pods-desafio-ios-desafio-iosUITests.release.xcconfig */ = {isa = PBXFileReference; includeInIndex = 1; lastKnownFileType = text.xcconfig; name = "Pods-desafio-ios-desafio-iosUITests.release.xcconfig"; path = "Target Support Files/Pods-desafio-ios-desafio-iosUITests/Pods-desafio-ios-desafio-iosUITests.release.xcconfig"; sourceTree = "<group>"; };
		40D1ED39DE6766451048E476 /* Pods-desafio-iosUITests.release.xcconfig */ = {isa = PBXFileReference; includeInIndex = 1; lastKnownFileType = text.xcconfig; name = "Pods-desafio-iosUITests.release.xcconfig"; path = "Target Support Files/Pods-desafio-iosUITests/Pods-desafio-iosUITests.release.xcconfig"; sourceTree = "<group>"; };
		4F3384C635C13111685B67AF /* Pods-desafio-ios.release.xcconfig */ = {isa = PBXFileReference; includeInIndex = 1; lastKnownFileType = text.xcconfig; name = "Pods-desafio-ios.release.xcconfig"; path = "Target Support Files/Pods-desafio-ios/Pods-desafio-ios.release.xcconfig"; sourceTree = "<group>"; };
		6E9A3733DDE5A58EAF47394A /* libPods-desafio-iosTests.a */ = {isa = PBXFileReference; explicitFileType = archive.ar; includeInIndex = 0; path = "libPods-desafio-iosTests.a"; sourceTree = BUILT_PRODUCTS_DIR; };
		AC84D544257E4EE800DA8CC7 /* MainCoordinator.swift */ = {isa = PBXFileReference; lastKnownFileType = sourcecode.swift; path = MainCoordinator.swift; sourceTree = "<group>"; };
		AC84D54E257E533800DA8CC7 /* Colors.xcassets */ = {isa = PBXFileReference; lastKnownFileType = folder.assetcatalog; path = Colors.xcassets; sourceTree = "<group>"; };
		AC84D555257E5EDD00DA8CC7 /* StatementTableViewCell.swift */ = {isa = PBXFileReference; lastKnownFileType = sourcecode.swift; path = StatementTableViewCell.swift; sourceTree = "<group>"; };
		AC84D563257E629100DA8CC7 /* Ammount.swift */ = {isa = PBXFileReference; lastKnownFileType = sourcecode.swift; path = Ammount.swift; sourceTree = "<group>"; };
		AC84D568257E62D400DA8CC7 /* NetworkService.swift */ = {isa = PBXFileReference; lastKnownFileType = sourcecode.swift; path = NetworkService.swift; sourceTree = "<group>"; };
		AC84D56D257E65E200DA8CC7 /* Statement.swift */ = {isa = PBXFileReference; lastKnownFileType = sourcecode.swift; path = Statement.swift; sourceTree = "<group>"; };
		ACA380F32581630500C6347A /* DetailView.storyboard */ = {isa = PBXFileReference; lastKnownFileType = file.storyboard; name = DetailView.storyboard; path = ../../../../../../../../../DetailView.storyboard; sourceTree = "<group>"; };
		ACA380F82581635A00C6347A /* DetailViewController.swift */ = {isa = PBXFileReference; lastKnownFileType = sourcecode.swift; path = DetailViewController.swift; sourceTree = "<group>"; };
		ACA380FD258163CD00C6347A /* DetailViewModel.swift */ = {isa = PBXFileReference; lastKnownFileType = sourcecode.swift; path = DetailViewModel.swift; sourceTree = "<group>"; };
		ACBFE910257C260E00D7CA99 /* desafio-ios.app */ = {isa = PBXFileReference; explicitFileType = wrapper.application; includeInIndex = 0; path = "desafio-ios.app"; sourceTree = BUILT_PRODUCTS_DIR; };
		ACBFE913257C260E00D7CA99 /* AppDelegate.swift */ = {isa = PBXFileReference; lastKnownFileType = sourcecode.swift; path = AppDelegate.swift; sourceTree = "<group>"; };
		ACBFE915257C260E00D7CA99 /* SceneDelegate.swift */ = {isa = PBXFileReference; lastKnownFileType = sourcecode.swift; path = SceneDelegate.swift; sourceTree = "<group>"; };
		ACBFE917257C260E00D7CA99 /* StatementViewController.swift */ = {isa = PBXFileReference; lastKnownFileType = sourcecode.swift; path = StatementViewController.swift; sourceTree = "<group>"; };
		ACBFE91A257C260E00D7CA99 /* Base */ = {isa = PBXFileReference; lastKnownFileType = file.storyboard; name = Base; path = Base.lproj/StatementView.storyboard; sourceTree = "<group>"; };
		ACBFE91D257C260E00D7CA99 /* desafio_ios.xcdatamodel */ = {isa = PBXFileReference; lastKnownFileType = wrapper.xcdatamodel; path = desafio_ios.xcdatamodel; sourceTree = "<group>"; };
		ACBFE91F257C261200D7CA99 /* Assets.xcassets */ = {isa = PBXFileReference; lastKnownFileType = folder.assetcatalog; path = Assets.xcassets; sourceTree = "<group>"; };
		ACBFE922257C261200D7CA99 /* Base */ = {isa = PBXFileReference; lastKnownFileType = file.storyboard; name = Base; path = Base.lproj/LaunchScreen.storyboard; sourceTree = "<group>"; };
		ACBFE924257C261200D7CA99 /* Info.plist */ = {isa = PBXFileReference; lastKnownFileType = text.plist.xml; path = Info.plist; sourceTree = "<group>"; };
		ACBFE929257C261200D7CA99 /* desafio-iosTests.xctest */ = {isa = PBXFileReference; explicitFileType = wrapper.cfbundle; includeInIndex = 0; path = "desafio-iosTests.xctest"; sourceTree = BUILT_PRODUCTS_DIR; };
		ACBFE92D257C261200D7CA99 /* desafio_iosTests.swift */ = {isa = PBXFileReference; lastKnownFileType = sourcecode.swift; path = desafio_iosTests.swift; sourceTree = "<group>"; };
		ACBFE92F257C261200D7CA99 /* Info.plist */ = {isa = PBXFileReference; lastKnownFileType = text.plist.xml; path = Info.plist; sourceTree = "<group>"; };
		ACBFE934257C261200D7CA99 /* desafio-iosUITests.xctest */ = {isa = PBXFileReference; explicitFileType = wrapper.cfbundle; includeInIndex = 0; path = "desafio-iosUITests.xctest"; sourceTree = BUILT_PRODUCTS_DIR; };
		ACBFE938257C261200D7CA99 /* desafio_iosUITests.swift */ = {isa = PBXFileReference; lastKnownFileType = sourcecode.swift; path = desafio_iosUITests.swift; sourceTree = "<group>"; };
		ACBFE93A257C261200D7CA99 /* Info.plist */ = {isa = PBXFileReference; lastKnownFileType = text.plist.xml; path = Info.plist; sourceTree = "<group>"; };
		ACF22741257E4D7000589D9B /* StatementViewModel.swift */ = {isa = PBXFileReference; lastKnownFileType = sourcecode.swift; path = StatementViewModel.swift; sourceTree = "<group>"; };
		B738E986E83B8FE985C18398 /* Pods-desafio-ios-desafio-iosUITests.debug.xcconfig */ = {isa = PBXFileReference; includeInIndex = 1; lastKnownFileType = text.xcconfig; name = "Pods-desafio-ios-desafio-iosUITests.debug.xcconfig"; path = "Target Support Files/Pods-desafio-ios-desafio-iosUITests/Pods-desafio-ios-desafio-iosUITests.debug.xcconfig"; sourceTree = "<group>"; };
		CC972ABED96628927846012F /* Pods-desafio-iosTests.release.xcconfig */ = {isa = PBXFileReference; includeInIndex = 1; lastKnownFileType = text.xcconfig; name = "Pods-desafio-iosTests.release.xcconfig"; path = "Target Support Files/Pods-desafio-iosTests/Pods-desafio-iosTests.release.xcconfig"; sourceTree = "<group>"; };
		E24E78C4CF4E9DAE7089B752 /* Pods_desafio_ios.framework */ = {isa = PBXFileReference; explicitFileType = wrapper.framework; includeInIndex = 0; path = Pods_desafio_ios.framework; sourceTree = BUILT_PRODUCTS_DIR; };
		FBC38ABB72ED7454C1437539 /* Pods-desafio-iosUITests.debug.xcconfig */ = {isa = PBXFileReference; includeInIndex = 1; lastKnownFileType = text.xcconfig; name = "Pods-desafio-iosUITests.debug.xcconfig"; path = "Target Support Files/Pods-desafio-iosUITests/Pods-desafio-iosUITests.debug.xcconfig"; sourceTree = "<group>"; };
/* End PBXFileReference section */

/* Begin PBXFrameworksBuildPhase section */
		ACBFE90D257C260E00D7CA99 /* Frameworks */ = {
			isa = PBXFrameworksBuildPhase;
			buildActionMask = 2147483647;
			files = (
				D31F0B53C418B9E68E38E44B /* Pods_desafio_ios.framework in Frameworks */,
			);
			runOnlyForDeploymentPostprocessing = 0;
		};
		ACBFE926257C261200D7CA99 /* Frameworks */ = {
			isa = PBXFrameworksBuildPhase;
			buildActionMask = 2147483647;
			files = (
				86D0533B19D0D5EC31F611BC /* libPods-desafio-iosTests.a in Frameworks */,
			);
			runOnlyForDeploymentPostprocessing = 0;
		};
		ACBFE931257C261200D7CA99 /* Frameworks */ = {
			isa = PBXFrameworksBuildPhase;
			buildActionMask = 2147483647;
			files = (
				2EBB8C281AFD832C1411AECE /* libPods-desafio-iosUITests.a in Frameworks */,
			);
			runOnlyForDeploymentPostprocessing = 0;
		};
/* End PBXFrameworksBuildPhase section */

/* Begin PBXGroup section */
		9E10FB6649FFED34DBA673A1 /* Pods */ = {
			isa = PBXGroup;
			children = (
				0690220F4C5AB168BCF331A1 /* Pods-desafio-ios.debug.xcconfig */,
				4F3384C635C13111685B67AF /* Pods-desafio-ios.release.xcconfig */,
				B738E986E83B8FE985C18398 /* Pods-desafio-ios-desafio-iosUITests.debug.xcconfig */,
				3F068D4C3A00994D2F16EA92 /* Pods-desafio-ios-desafio-iosUITests.release.xcconfig */,
				15CFFA6517AC9DF5EF181154 /* Pods-desafio-iosTests.debug.xcconfig */,
				CC972ABED96628927846012F /* Pods-desafio-iosTests.release.xcconfig */,
				FBC38ABB72ED7454C1437539 /* Pods-desafio-iosUITests.debug.xcconfig */,
				40D1ED39DE6766451048E476 /* Pods-desafio-iosUITests.release.xcconfig */,
			);
			path = Pods;
			sourceTree = "<group>";
		};
		AC84D54C257E527600DA8CC7 /* Model */ = {
			isa = PBXGroup;
			children = (
				AC84D563257E629100DA8CC7 /* Ammount.swift */,
				AC84D56D257E65E200DA8CC7 /* Statement.swift */,
			);
			path = Model;
			sourceTree = "<group>";
		};
		AC84D54D257E528000DA8CC7 /* Network */ = {
			isa = PBXGroup;
			children = (
				AC84D568257E62D400DA8CC7 /* NetworkService.swift */,
			);
			path = Network;
			sourceTree = "<group>";
		};
		AC84D553257E5E9700DA8CC7 /* Components */ = {
			isa = PBXGroup;
			children = (
				AC84D554257E5EA100DA8CC7 /* StatementTableVieCell */,
			);
			path = Components;
			sourceTree = "<group>";
		};
		AC84D554257E5EA100DA8CC7 /* StatementTableVieCell */ = {
			isa = PBXGroup;
			children = (
				AC84D555257E5EDD00DA8CC7 /* StatementTableViewCell.swift */,
			);
			path = StatementTableVieCell;
			sourceTree = "<group>";
		};
		ACA380F0258162E100C6347A /* Detail */ = {
			isa = PBXGroup;
			children = (
				ACA380F1258162E800C6347A /* View */,
				ACA380F2258162ED00C6347A /* ViewModel */,
			);
			path = Detail;
			sourceTree = "<group>";
		};
		ACA380F1258162E800C6347A /* View */ = {
			isa = PBXGroup;
			children = (
				ACA380F32581630500C6347A /* DetailView.storyboard */,
				ACA380F82581635A00C6347A /* DetailViewController.swift */,
			);
			path = View;
			sourceTree = "<group>";
		};
		ACA380F2258162ED00C6347A /* ViewModel */ = {
			isa = PBXGroup;
			children = (
				ACA380FD258163CD00C6347A /* DetailViewModel.swift */,
			);
			path = ViewModel;
			sourceTree = "<group>";
		};
		ACBFE907257C260E00D7CA99 = {
			isa = PBXGroup;
			children = (
				ACBFE912257C260E00D7CA99 /* desafio-ios */,
				ACBFE92C257C261200D7CA99 /* desafio-iosTests */,
				ACBFE937257C261200D7CA99 /* desafio-iosUITests */,
				ACBFE911257C260E00D7CA99 /* Products */,
				9E10FB6649FFED34DBA673A1 /* Pods */,
				F357FD6D91EB5FEDCDF067EF /* Frameworks */,
			);
			sourceTree = "<group>";
		};
		ACBFE911257C260E00D7CA99 /* Products */ = {
			isa = PBXGroup;
			children = (
				ACBFE910257C260E00D7CA99 /* desafio-ios.app */,
				ACBFE929257C261200D7CA99 /* desafio-iosTests.xctest */,
				ACBFE934257C261200D7CA99 /* desafio-iosUITests.xctest */,
			);
			name = Products;
			sourceTree = "<group>";
		};
		ACBFE912257C260E00D7CA99 /* desafio-ios */ = {
			isa = PBXGroup;
			children = (
				AC84D553257E5E9700DA8CC7 /* Components */,
				ACF2273D257E4D3300589D9B /* Coordinator */,
				ACF22738257E4D1A00589D9B /* View */,
				AC84D54C257E527600DA8CC7 /* Model */,
				AC84D54D257E528000DA8CC7 /* Network */,
				ACF22740257E4D5600589D9B /* Utils */,
				ACF2271D257E4AAC00589D9B /* System */,
			);
			path = "desafio-ios";
			sourceTree = "<group>";
		};
		ACBFE92C257C261200D7CA99 /* desafio-iosTests */ = {
			isa = PBXGroup;
			children = (
				ACBFE92D257C261200D7CA99 /* desafio_iosTests.swift */,
				ACBFE92F257C261200D7CA99 /* Info.plist */,
			);
			path = "desafio-iosTests";
			sourceTree = "<group>";
		};
		ACBFE937257C261200D7CA99 /* desafio-iosUITests */ = {
			isa = PBXGroup;
			children = (
				ACBFE938257C261200D7CA99 /* desafio_iosUITests.swift */,
				ACBFE93A257C261200D7CA99 /* Info.plist */,
			);
			path = "desafio-iosUITests";
			sourceTree = "<group>";
		};
		ACF2271D257E4AAC00589D9B /* System */ = {
			isa = PBXGroup;
			children = (
				ACBFE913257C260E00D7CA99 /* AppDelegate.swift */,
				ACBFE915257C260E00D7CA99 /* SceneDelegate.swift */,
				AC84D54E257E533800DA8CC7 /* Colors.xcassets */,
				ACBFE91F257C261200D7CA99 /* Assets.xcassets */,
				ACBFE921257C261200D7CA99 /* LaunchScreen.storyboard */,
				ACBFE924257C261200D7CA99 /* Info.plist */,
				ACBFE91C257C260E00D7CA99 /* desafio_ios.xcdatamodeld */,
			);
			path = System;
			sourceTree = "<group>";
		};
		ACF22730257E4D0700589D9B /* View */ = {
			isa = PBXGroup;
			children = (
				ACBFE917257C260E00D7CA99 /* StatementViewController.swift */,
				ACBFE919257C260E00D7CA99 /* StatementView.storyboard */,
			);
			path = View;
			sourceTree = "<group>";
		};
		ACF22734257E4D0D00589D9B /* Statement */ = {
			isa = PBXGroup;
			children = (
				ACF22730257E4D0700589D9B /* View */,
				ACF2273C257E4D2200589D9B /* ViewModel */,
			);
			path = Statement;
			sourceTree = "<group>";
		};
		ACF22738257E4D1A00589D9B /* View */ = {
			isa = PBXGroup;
			children = (
				ACA380F0258162E100C6347A /* Detail */,
				ACF22734257E4D0D00589D9B /* Statement */,
			);
			path = View;
			sourceTree = "<group>";
		};
		ACF2273C257E4D2200589D9B /* ViewModel */ = {
			isa = PBXGroup;
			children = (
				ACF22741257E4D7000589D9B /* StatementViewModel.swift */,
			);
			path = ViewModel;
			sourceTree = "<group>";
		};
		ACF2273D257E4D3300589D9B /* Coordinator */ = {
			isa = PBXGroup;
			children = (
				AC84D544257E4EE800DA8CC7 /* MainCoordinator.swift */,
			);
			path = Coordinator;
			sourceTree = "<group>";
		};
		ACF22740257E4D5600589D9B /* Utils */ = {
			isa = PBXGroup;
			children = (
			);
			path = Utils;
			sourceTree = "<group>";
		};
		F357FD6D91EB5FEDCDF067EF /* Frameworks */ = {
			isa = PBXGroup;
			children = (
				E24E78C4CF4E9DAE7089B752 /* Pods_desafio_ios.framework */,
				6E9A3733DDE5A58EAF47394A /* libPods-desafio-iosTests.a */,
				2922E1D11A6ED544949232AB /* libPods-desafio-iosUITests.a */,
			);
			name = Frameworks;
			sourceTree = "<group>";
		};
/* End PBXGroup section */

/* Begin PBXNativeTarget section */
		ACBFE90F257C260E00D7CA99 /* desafio-ios */ = {
			isa = PBXNativeTarget;
			buildConfigurationList = ACBFE93D257C261200D7CA99 /* Build configuration list for PBXNativeTarget "desafio-ios" */;
			buildPhases = (
				D3E2C70265E5C0C8EE7BCD0F /* [CP] Check Pods Manifest.lock */,
				ACBFE90C257C260E00D7CA99 /* Sources */,
				ACBFE90D257C260E00D7CA99 /* Frameworks */,
				ACBFE90E257C260E00D7CA99 /* Resources */,
				760CC508EB4B5C469F1665F4 /* [CP] Embed Pods Frameworks */,
			);
			buildRules = (
			);
			dependencies = (
			);
			name = "desafio-ios";
			productName = "desafio-ios";
			productReference = ACBFE910257C260E00D7CA99 /* desafio-ios.app */;
			productType = "com.apple.product-type.application";
		};
		ACBFE928257C261200D7CA99 /* desafio-iosTests */ = {
			isa = PBXNativeTarget;
			buildConfigurationList = ACBFE940257C261200D7CA99 /* Build configuration list for PBXNativeTarget "desafio-iosTests" */;
			buildPhases = (
				C100A8EC988BEF6AD37678FA /* [CP] Check Pods Manifest.lock */,
				ACBFE925257C261200D7CA99 /* Sources */,
				ACBFE926257C261200D7CA99 /* Frameworks */,
				ACBFE927257C261200D7CA99 /* Resources */,
			);
			buildRules = (
			);
			dependencies = (
				ACBFE92B257C261200D7CA99 /* PBXTargetDependency */,
			);
			name = "desafio-iosTests";
			productName = "desafio-iosTests";
			productReference = ACBFE929257C261200D7CA99 /* desafio-iosTests.xctest */;
			productType = "com.apple.product-type.bundle.unit-test";
		};
		ACBFE933257C261200D7CA99 /* desafio-iosUITests */ = {
			isa = PBXNativeTarget;
			buildConfigurationList = ACBFE943257C261200D7CA99 /* Build configuration list for PBXNativeTarget "desafio-iosUITests" */;
			buildPhases = (
				917BD1D5779B1C1BD594C120 /* [CP] Check Pods Manifest.lock */,
				ACBFE930257C261200D7CA99 /* Sources */,
				ACBFE931257C261200D7CA99 /* Frameworks */,
				ACBFE932257C261200D7CA99 /* Resources */,
			);
			buildRules = (
			);
			dependencies = (
				ACBFE936257C261200D7CA99 /* PBXTargetDependency */,
			);
			name = "desafio-iosUITests";
			productName = "desafio-iosUITests";
			productReference = ACBFE934257C261200D7CA99 /* desafio-iosUITests.xctest */;
			productType = "com.apple.product-type.bundle.ui-testing";
		};
/* End PBXNativeTarget section */

/* Begin PBXProject section */
		ACBFE908257C260E00D7CA99 /* Project object */ = {
			isa = PBXProject;
			attributes = {
				LastSwiftUpdateCheck = 1220;
				LastUpgradeCheck = 1220;
				TargetAttributes = {
					ACBFE90F257C260E00D7CA99 = {
						CreatedOnToolsVersion = 12.2;
					};
					ACBFE928257C261200D7CA99 = {
						CreatedOnToolsVersion = 12.2;
						TestTargetID = ACBFE90F257C260E00D7CA99;
					};
					ACBFE933257C261200D7CA99 = {
						CreatedOnToolsVersion = 12.2;
						TestTargetID = ACBFE90F257C260E00D7CA99;
					};
				};
			};
			buildConfigurationList = ACBFE90B257C260E00D7CA99 /* Build configuration list for PBXProject "desafio-ios" */;
			compatibilityVersion = "Xcode 9.3";
			developmentRegion = en;
			hasScannedForEncodings = 0;
			knownRegions = (
				en,
				Base,
			);
			mainGroup = ACBFE907257C260E00D7CA99;
			productRefGroup = ACBFE911257C260E00D7CA99 /* Products */;
			projectDirPath = "";
			projectRoot = "";
			targets = (
				ACBFE90F257C260E00D7CA99 /* desafio-ios */,
				ACBFE928257C261200D7CA99 /* desafio-iosTests */,
				ACBFE933257C261200D7CA99 /* desafio-iosUITests */,
			);
		};
/* End PBXProject section */

/* Begin PBXResourcesBuildPhase section */
		ACBFE90E257C260E00D7CA99 /* Resources */ = {
			isa = PBXResourcesBuildPhase;
			buildActionMask = 2147483647;
			files = (
				ACBFE923257C261200D7CA99 /* LaunchScreen.storyboard in Resources */,
				AC84D54F257E533800DA8CC7 /* Colors.xcassets in Resources */,
				ACBFE920257C261200D7CA99 /* Assets.xcassets in Resources */,
				ACA380F42581630500C6347A /* DetailView.storyboard in Resources */,
				ACBFE91B257C260E00D7CA99 /* StatementView.storyboard in Resources */,
			);
			runOnlyForDeploymentPostprocessing = 0;
		};
		ACBFE927257C261200D7CA99 /* Resources */ = {
			isa = PBXResourcesBuildPhase;
			buildActionMask = 2147483647;
			files = (
			);
			runOnlyForDeploymentPostprocessing = 0;
		};
		ACBFE932257C261200D7CA99 /* Resources */ = {
			isa = PBXResourcesBuildPhase;
			buildActionMask = 2147483647;
			files = (
			);
			runOnlyForDeploymentPostprocessing = 0;
		};
/* End PBXResourcesBuildPhase section */

/* Begin PBXShellScriptBuildPhase section */
		760CC508EB4B5C469F1665F4 /* [CP] Embed Pods Frameworks */ = {
			isa = PBXShellScriptBuildPhase;
			buildActionMask = 2147483647;
			files = (
			);
			inputFileListPaths = (
				"${PODS_ROOT}/Target Support Files/Pods-desafio-ios/Pods-desafio-ios-frameworks-${CONFIGURATION}-input-files.xcfilelist",
			);
			name = "[CP] Embed Pods Frameworks";
			outputFileListPaths = (
				"${PODS_ROOT}/Target Support Files/Pods-desafio-ios/Pods-desafio-ios-frameworks-${CONFIGURATION}-output-files.xcfilelist",
			);
			runOnlyForDeploymentPostprocessing = 0;
			shellPath = /bin/sh;
			shellScript = "\"${PODS_ROOT}/Target Support Files/Pods-desafio-ios/Pods-desafio-ios-frameworks.sh\"\n";
			showEnvVarsInLog = 0;
		};
		917BD1D5779B1C1BD594C120 /* [CP] Check Pods Manifest.lock */ = {
			isa = PBXShellScriptBuildPhase;
			buildActionMask = 2147483647;
			files = (
			);
			inputFileListPaths = (
			);
			inputPaths = (
				"${PODS_PODFILE_DIR_PATH}/Podfile.lock",
				"${PODS_ROOT}/Manifest.lock",
			);
			name = "[CP] Check Pods Manifest.lock";
			outputFileListPaths = (
			);
			outputPaths = (
				"$(DERIVED_FILE_DIR)/Pods-desafio-iosUITests-checkManifestLockResult.txt",
			);
			runOnlyForDeploymentPostprocessing = 0;
			shellPath = /bin/sh;
			shellScript = "diff \"${PODS_PODFILE_DIR_PATH}/Podfile.lock\" \"${PODS_ROOT}/Manifest.lock\" > /dev/null\nif [ $? != 0 ] ; then\n    # print error to STDERR\n    echo \"error: The sandbox is not in sync with the Podfile.lock. Run 'pod install' or update your CocoaPods installation.\" >&2\n    exit 1\nfi\n# This output is used by Xcode 'outputs' to avoid re-running this script phase.\necho \"SUCCESS\" > \"${SCRIPT_OUTPUT_FILE_0}\"\n";
			showEnvVarsInLog = 0;
		};
		C100A8EC988BEF6AD37678FA /* [CP] Check Pods Manifest.lock */ = {
			isa = PBXShellScriptBuildPhase;
			buildActionMask = 2147483647;
			files = (
			);
			inputFileListPaths = (
			);
			inputPaths = (
				"${PODS_PODFILE_DIR_PATH}/Podfile.lock",
				"${PODS_ROOT}/Manifest.lock",
			);
			name = "[CP] Check Pods Manifest.lock";
			outputFileListPaths = (
			);
			outputPaths = (
				"$(DERIVED_FILE_DIR)/Pods-desafio-iosTests-checkManifestLockResult.txt",
			);
			runOnlyForDeploymentPostprocessing = 0;
			shellPath = /bin/sh;
			shellScript = "diff \"${PODS_PODFILE_DIR_PATH}/Podfile.lock\" \"${PODS_ROOT}/Manifest.lock\" > /dev/null\nif [ $? != 0 ] ; then\n    # print error to STDERR\n    echo \"error: The sandbox is not in sync with the Podfile.lock. Run 'pod install' or update your CocoaPods installation.\" >&2\n    exit 1\nfi\n# This output is used by Xcode 'outputs' to avoid re-running this script phase.\necho \"SUCCESS\" > \"${SCRIPT_OUTPUT_FILE_0}\"\n";
			showEnvVarsInLog = 0;
		};
		D3E2C70265E5C0C8EE7BCD0F /* [CP] Check Pods Manifest.lock */ = {
			isa = PBXShellScriptBuildPhase;
			buildActionMask = 2147483647;
			files = (
			);
			inputFileListPaths = (
			);
			inputPaths = (
				"${PODS_PODFILE_DIR_PATH}/Podfile.lock",
				"${PODS_ROOT}/Manifest.lock",
			);
			name = "[CP] Check Pods Manifest.lock";
			outputFileListPaths = (
			);
			outputPaths = (
				"$(DERIVED_FILE_DIR)/Pods-desafio-ios-checkManifestLockResult.txt",
			);
			runOnlyForDeploymentPostprocessing = 0;
			shellPath = /bin/sh;
			shellScript = "diff \"${PODS_PODFILE_DIR_PATH}/Podfile.lock\" \"${PODS_ROOT}/Manifest.lock\" > /dev/null\nif [ $? != 0 ] ; then\n    # print error to STDERR\n    echo \"error: The sandbox is not in sync with the Podfile.lock. Run 'pod install' or update your CocoaPods installation.\" >&2\n    exit 1\nfi\n# This output is used by Xcode 'outputs' to avoid re-running this script phase.\necho \"SUCCESS\" > \"${SCRIPT_OUTPUT_FILE_0}\"\n";
			showEnvVarsInLog = 0;
		};
/* End PBXShellScriptBuildPhase section */

/* Begin PBXSourcesBuildPhase section */
		ACBFE90C257C260E00D7CA99 /* Sources */ = {
			isa = PBXSourcesBuildPhase;
			buildActionMask = 2147483647;
			files = (
				ACA380F92581635A00C6347A /* DetailViewController.swift in Sources */,
				ACBFE918257C260E00D7CA99 /* StatementViewController.swift in Sources */,
				AC84D564257E629100DA8CC7 /* Ammount.swift in Sources */,
				AC84D556257E5EDD00DA8CC7 /* StatementTableViewCell.swift in Sources */,
				AC84D545257E4EE800DA8CC7 /* MainCoordinator.swift in Sources */,
				AC84D569257E62D400DA8CC7 /* NetworkService.swift in Sources */,
				ACBFE91E257C260E00D7CA99 /* desafio_ios.xcdatamodeld in Sources */,
				ACA380FE258163CD00C6347A /* DetailViewModel.swift in Sources */,
				ACF22742257E4D7000589D9B /* StatementViewModel.swift in Sources */,
				ACBFE914257C260E00D7CA99 /* AppDelegate.swift in Sources */,
				ACBFE916257C260E00D7CA99 /* SceneDelegate.swift in Sources */,
				AC84D56E257E65E200DA8CC7 /* Statement.swift in Sources */,
			);
			runOnlyForDeploymentPostprocessing = 0;
		};
		ACBFE925257C261200D7CA99 /* Sources */ = {
			isa = PBXSourcesBuildPhase;
			buildActionMask = 2147483647;
			files = (
				ACBFE92E257C261200D7CA99 /* desafio_iosTests.swift in Sources */,
			);
			runOnlyForDeploymentPostprocessing = 0;
		};
		ACBFE930257C261200D7CA99 /* Sources */ = {
			isa = PBXSourcesBuildPhase;
			buildActionMask = 2147483647;
			files = (
				ACBFE939257C261200D7CA99 /* desafio_iosUITests.swift in Sources */,
			);
			runOnlyForDeploymentPostprocessing = 0;
		};
/* End PBXSourcesBuildPhase section */

/* Begin PBXTargetDependency section */
		ACBFE92B257C261200D7CA99 /* PBXTargetDependency */ = {
			isa = PBXTargetDependency;
			target = ACBFE90F257C260E00D7CA99 /* desafio-ios */;
			targetProxy = ACBFE92A257C261200D7CA99 /* PBXContainerItemProxy */;
		};
		ACBFE936257C261200D7CA99 /* PBXTargetDependency */ = {
			isa = PBXTargetDependency;
			target = ACBFE90F257C260E00D7CA99 /* desafio-ios */;
			targetProxy = ACBFE935257C261200D7CA99 /* PBXContainerItemProxy */;
		};
/* End PBXTargetDependency section */

/* Begin PBXVariantGroup section */
		ACBFE919257C260E00D7CA99 /* StatementView.storyboard */ = {
			isa = PBXVariantGroup;
			children = (
				ACBFE91A257C260E00D7CA99 /* Base */,
			);
			name = StatementView.storyboard;
			sourceTree = "<group>";
		};
		ACBFE921257C261200D7CA99 /* LaunchScreen.storyboard */ = {
			isa = PBXVariantGroup;
			children = (
				ACBFE922257C261200D7CA99 /* Base */,
			);
			name = LaunchScreen.storyboard;
			sourceTree = "<group>";
		};
/* End PBXVariantGroup section */

/* Begin XCBuildConfiguration section */
		ACBFE93B257C261200D7CA99 /* Debug */ = {
			isa = XCBuildConfiguration;
			buildSettings = {
				ALWAYS_SEARCH_USER_PATHS = NO;
				CLANG_ANALYZER_NONNULL = YES;
				CLANG_ANALYZER_NUMBER_OBJECT_CONVERSION = YES_AGGRESSIVE;
				CLANG_CXX_LANGUAGE_STANDARD = "gnu++14";
				CLANG_CXX_LIBRARY = "libc++";
				CLANG_ENABLE_MODULES = YES;
				CLANG_ENABLE_OBJC_ARC = YES;
				CLANG_ENABLE_OBJC_WEAK = YES;
				CLANG_WARN_BLOCK_CAPTURE_AUTORELEASING = YES;
				CLANG_WARN_BOOL_CONVERSION = YES;
				CLANG_WARN_COMMA = YES;
				CLANG_WARN_CONSTANT_CONVERSION = YES;
				CLANG_WARN_DEPRECATED_OBJC_IMPLEMENTATIONS = YES;
				CLANG_WARN_DIRECT_OBJC_ISA_USAGE = YES_ERROR;
				CLANG_WARN_DOCUMENTATION_COMMENTS = YES;
				CLANG_WARN_EMPTY_BODY = YES;
				CLANG_WARN_ENUM_CONVERSION = YES;
				CLANG_WARN_INFINITE_RECURSION = YES;
				CLANG_WARN_INT_CONVERSION = YES;
				CLANG_WARN_NON_LITERAL_NULL_CONVERSION = YES;
				CLANG_WARN_OBJC_IMPLICIT_RETAIN_SELF = YES;
				CLANG_WARN_OBJC_LITERAL_CONVERSION = YES;
				CLANG_WARN_OBJC_ROOT_CLASS = YES_ERROR;
				CLANG_WARN_QUOTED_INCLUDE_IN_FRAMEWORK_HEADER = YES;
				CLANG_WARN_RANGE_LOOP_ANALYSIS = YES;
				CLANG_WARN_STRICT_PROTOTYPES = YES;
				CLANG_WARN_SUSPICIOUS_MOVE = YES;
				CLANG_WARN_UNGUARDED_AVAILABILITY = YES_AGGRESSIVE;
				CLANG_WARN_UNREACHABLE_CODE = YES;
				CLANG_WARN__DUPLICATE_METHOD_MATCH = YES;
				COPY_PHASE_STRIP = NO;
				DEBUG_INFORMATION_FORMAT = dwarf;
				ENABLE_STRICT_OBJC_MSGSEND = YES;
				ENABLE_TESTABILITY = YES;
				GCC_C_LANGUAGE_STANDARD = gnu11;
				GCC_DYNAMIC_NO_PIC = NO;
				GCC_NO_COMMON_BLOCKS = YES;
				GCC_OPTIMIZATION_LEVEL = 0;
				GCC_PREPROCESSOR_DEFINITIONS = (
					"DEBUG=1",
					"$(inherited)",
				);
				GCC_WARN_64_TO_32_BIT_CONVERSION = YES;
				GCC_WARN_ABOUT_RETURN_TYPE = YES_ERROR;
				GCC_WARN_UNDECLARED_SELECTOR = YES;
				GCC_WARN_UNINITIALIZED_AUTOS = YES_AGGRESSIVE;
				GCC_WARN_UNUSED_FUNCTION = YES;
				GCC_WARN_UNUSED_VARIABLE = YES;
				IPHONEOS_DEPLOYMENT_TARGET = 14.2;
				MTL_ENABLE_DEBUG_INFO = INCLUDE_SOURCE;
				MTL_FAST_MATH = YES;
				ONLY_ACTIVE_ARCH = YES;
				SDKROOT = iphoneos;
				SWIFT_ACTIVE_COMPILATION_CONDITIONS = DEBUG;
				SWIFT_OPTIMIZATION_LEVEL = "-Onone";
			};
			name = Debug;
		};
		ACBFE93C257C261200D7CA99 /* Release */ = {
			isa = XCBuildConfiguration;
			buildSettings = {
				ALWAYS_SEARCH_USER_PATHS = NO;
				CLANG_ANALYZER_NONNULL = YES;
				CLANG_ANALYZER_NUMBER_OBJECT_CONVERSION = YES_AGGRESSIVE;
				CLANG_CXX_LANGUAGE_STANDARD = "gnu++14";
				CLANG_CXX_LIBRARY = "libc++";
				CLANG_ENABLE_MODULES = YES;
				CLANG_ENABLE_OBJC_ARC = YES;
				CLANG_ENABLE_OBJC_WEAK = YES;
				CLANG_WARN_BLOCK_CAPTURE_AUTORELEASING = YES;
				CLANG_WARN_BOOL_CONVERSION = YES;
				CLANG_WARN_COMMA = YES;
				CLANG_WARN_CONSTANT_CONVERSION = YES;
				CLANG_WARN_DEPRECATED_OBJC_IMPLEMENTATIONS = YES;
				CLANG_WARN_DIRECT_OBJC_ISA_USAGE = YES_ERROR;
				CLANG_WARN_DOCUMENTATION_COMMENTS = YES;
				CLANG_WARN_EMPTY_BODY = YES;
				CLANG_WARN_ENUM_CONVERSION = YES;
				CLANG_WARN_INFINITE_RECURSION = YES;
				CLANG_WARN_INT_CONVERSION = YES;
				CLANG_WARN_NON_LITERAL_NULL_CONVERSION = YES;
				CLANG_WARN_OBJC_IMPLICIT_RETAIN_SELF = YES;
				CLANG_WARN_OBJC_LITERAL_CONVERSION = YES;
				CLANG_WARN_OBJC_ROOT_CLASS = YES_ERROR;
				CLANG_WARN_QUOTED_INCLUDE_IN_FRAMEWORK_HEADER = YES;
				CLANG_WARN_RANGE_LOOP_ANALYSIS = YES;
				CLANG_WARN_STRICT_PROTOTYPES = YES;
				CLANG_WARN_SUSPICIOUS_MOVE = YES;
				CLANG_WARN_UNGUARDED_AVAILABILITY = YES_AGGRESSIVE;
				CLANG_WARN_UNREACHABLE_CODE = YES;
				CLANG_WARN__DUPLICATE_METHOD_MATCH = YES;
				COPY_PHASE_STRIP = NO;
				DEBUG_INFORMATION_FORMAT = "dwarf-with-dsym";
				ENABLE_NS_ASSERTIONS = NO;
				ENABLE_STRICT_OBJC_MSGSEND = YES;
				GCC_C_LANGUAGE_STANDARD = gnu11;
				GCC_NO_COMMON_BLOCKS = YES;
				GCC_WARN_64_TO_32_BIT_CONVERSION = YES;
				GCC_WARN_ABOUT_RETURN_TYPE = YES_ERROR;
				GCC_WARN_UNDECLARED_SELECTOR = YES;
				GCC_WARN_UNINITIALIZED_AUTOS = YES_AGGRESSIVE;
				GCC_WARN_UNUSED_FUNCTION = YES;
				GCC_WARN_UNUSED_VARIABLE = YES;
				IPHONEOS_DEPLOYMENT_TARGET = 14.2;
				MTL_ENABLE_DEBUG_INFO = NO;
				MTL_FAST_MATH = YES;
				SDKROOT = iphoneos;
				SWIFT_COMPILATION_MODE = wholemodule;
				SWIFT_OPTIMIZATION_LEVEL = "-O";
				VALIDATE_PRODUCT = YES;
			};
			name = Release;
		};
		ACBFE93E257C261200D7CA99 /* Debug */ = {
			isa = XCBuildConfiguration;
			baseConfigurationReference = 0690220F4C5AB168BCF331A1 /* Pods-desafio-ios.debug.xcconfig */;
			buildSettings = {
				ASSETCATALOG_COMPILER_APPICON_NAME = AppIcon;
				ASSETCATALOG_COMPILER_GLOBAL_ACCENT_COLOR_NAME = AccentColor;
				CODE_SIGN_STYLE = Automatic;
				DEVELOPMENT_TEAM = T8DRW4Z2F2;
				INFOPLIST_FILE = "desafio-ios/System/Info.plist";
				LD_RUNPATH_SEARCH_PATHS = (
					"$(inherited)",
					"@executable_path/Frameworks",
				);
				PRODUCT_BUNDLE_IDENTIFIER = "com.alexandrebing.4all.desafio-ios";
				PRODUCT_NAME = "$(TARGET_NAME)";
				SWIFT_VERSION = 5.0;
				TARGETED_DEVICE_FAMILY = "1,2";
			};
			name = Debug;
		};
		ACBFE93F257C261200D7CA99 /* Release */ = {
			isa = XCBuildConfiguration;
			baseConfigurationReference = 4F3384C635C13111685B67AF /* Pods-desafio-ios.release.xcconfig */;
			buildSettings = {
				ASSETCATALOG_COMPILER_APPICON_NAME = AppIcon;
				ASSETCATALOG_COMPILER_GLOBAL_ACCENT_COLOR_NAME = AccentColor;
				CODE_SIGN_STYLE = Automatic;
				DEVELOPMENT_TEAM = T8DRW4Z2F2;
				INFOPLIST_FILE = "desafio-ios/System/Info.plist";
				LD_RUNPATH_SEARCH_PATHS = (
					"$(inherited)",
					"@executable_path/Frameworks",
				);
				PRODUCT_BUNDLE_IDENTIFIER = "com.alexandrebing.4all.desafio-ios";
				PRODUCT_NAME = "$(TARGET_NAME)";
				SWIFT_VERSION = 5.0;
				TARGETED_DEVICE_FAMILY = "1,2";
			};
			name = Release;
		};
		ACBFE941257C261200D7CA99 /* Debug */ = {
			isa = XCBuildConfiguration;
			baseConfigurationReference = 15CFFA6517AC9DF5EF181154 /* Pods-desafio-iosTests.debug.xcconfig */;
			buildSettings = {
				ALWAYS_EMBED_SWIFT_STANDARD_LIBRARIES = YES;
				BUNDLE_LOADER = "$(TEST_HOST)";
				CODE_SIGN_STYLE = Automatic;
				DEVELOPMENT_TEAM = T8DRW4Z2F2;
				INFOPLIST_FILE = "desafio-iosTests/Info.plist";
				IPHONEOS_DEPLOYMENT_TARGET = 14.2;
				LD_RUNPATH_SEARCH_PATHS = (
					"$(inherited)",
					"@executable_path/Frameworks",
					"@loader_path/Frameworks",
				);
				PRODUCT_BUNDLE_IDENTIFIER = "com.alexandrebing.4all.desafio-iosTests";
				PRODUCT_NAME = "$(TARGET_NAME)";
				SWIFT_VERSION = 5.0;
				TARGETED_DEVICE_FAMILY = "1,2";
				TEST_HOST = "$(BUILT_PRODUCTS_DIR)/desafio-ios.app/desafio-ios";
			};
			name = Debug;
		};
		ACBFE942257C261200D7CA99 /* Release */ = {
			isa = XCBuildConfiguration;
			baseConfigurationReference = CC972ABED96628927846012F /* Pods-desafio-iosTests.release.xcconfig */;
			buildSettings = {
				ALWAYS_EMBED_SWIFT_STANDARD_LIBRARIES = YES;
				BUNDLE_LOADER = "$(TEST_HOST)";
				CODE_SIGN_STYLE = Automatic;
				DEVELOPMENT_TEAM = T8DRW4Z2F2;
				INFOPLIST_FILE = "desafio-iosTests/Info.plist";
				IPHONEOS_DEPLOYMENT_TARGET = 14.2;
				LD_RUNPATH_SEARCH_PATHS = (
					"$(inherited)",
					"@executable_path/Frameworks",
					"@loader_path/Frameworks",
				);
				PRODUCT_BUNDLE_IDENTIFIER = "com.alexandrebing.4all.desafio-iosTests";
				PRODUCT_NAME = "$(TARGET_NAME)";
				SWIFT_VERSION = 5.0;
				TARGETED_DEVICE_FAMILY = "1,2";
				TEST_HOST = "$(BUILT_PRODUCTS_DIR)/desafio-ios.app/desafio-ios";
			};
			name = Release;
		};
		ACBFE944257C261200D7CA99 /* Debug */ = {
			isa = XCBuildConfiguration;
			baseConfigurationReference = FBC38ABB72ED7454C1437539 /* Pods-desafio-iosUITests.debug.xcconfig */;
			buildSettings = {
				ALWAYS_EMBED_SWIFT_STANDARD_LIBRARIES = YES;
				CODE_SIGN_STYLE = Automatic;
				DEVELOPMENT_TEAM = T8DRW4Z2F2;
				INFOPLIST_FILE = "desafio-iosUITests/Info.plist";
				LD_RUNPATH_SEARCH_PATHS = (
					"$(inherited)",
					"@executable_path/Frameworks",
					"@loader_path/Frameworks",
				);
				PRODUCT_BUNDLE_IDENTIFIER = "com.alexandrebing.4all.desafio-iosUITests";
				PRODUCT_NAME = "$(TARGET_NAME)";
				SWIFT_VERSION = 5.0;
				TARGETED_DEVICE_FAMILY = "1,2";
				TEST_TARGET_NAME = "desafio-ios";
			};
			name = Debug;
		};
		ACBFE945257C261200D7CA99 /* Release */ = {
			isa = XCBuildConfiguration;
			baseConfigurationReference = 40D1ED39DE6766451048E476 /* Pods-desafio-iosUITests.release.xcconfig */;
			buildSettings = {
				ALWAYS_EMBED_SWIFT_STANDARD_LIBRARIES = YES;
				CODE_SIGN_STYLE = Automatic;
				DEVELOPMENT_TEAM = T8DRW4Z2F2;
				INFOPLIST_FILE = "desafio-iosUITests/Info.plist";
				LD_RUNPATH_SEARCH_PATHS = (
					"$(inherited)",
					"@executable_path/Frameworks",
					"@loader_path/Frameworks",
				);
				PRODUCT_BUNDLE_IDENTIFIER = "com.alexandrebing.4all.desafio-iosUITests";
				PRODUCT_NAME = "$(TARGET_NAME)";
				SWIFT_VERSION = 5.0;
				TARGETED_DEVICE_FAMILY = "1,2";
				TEST_TARGET_NAME = "desafio-ios";
			};
			name = Release;
		};
/* End XCBuildConfiguration section */

/* Begin XCConfigurationList section */
		ACBFE90B257C260E00D7CA99 /* Build configuration list for PBXProject "desafio-ios" */ = {
			isa = XCConfigurationList;
			buildConfigurations = (
				ACBFE93B257C261200D7CA99 /* Debug */,
				ACBFE93C257C261200D7CA99 /* Release */,
			);
			defaultConfigurationIsVisible = 0;
			defaultConfigurationName = Release;
		};
		ACBFE93D257C261200D7CA99 /* Build configuration list for PBXNativeTarget "desafio-ios" */ = {
			isa = XCConfigurationList;
			buildConfigurations = (
				ACBFE93E257C261200D7CA99 /* Debug */,
				ACBFE93F257C261200D7CA99 /* Release */,
			);
			defaultConfigurationIsVisible = 0;
			defaultConfigurationName = Release;
		};
		ACBFE940257C261200D7CA99 /* Build configuration list for PBXNativeTarget "desafio-iosTests" */ = {
			isa = XCConfigurationList;
			buildConfigurations = (
				ACBFE941257C261200D7CA99 /* Debug */,
				ACBFE942257C261200D7CA99 /* Release */,
			);
			defaultConfigurationIsVisible = 0;
			defaultConfigurationName = Release;
		};
		ACBFE943257C261200D7CA99 /* Build configuration list for PBXNativeTarget "desafio-iosUITests" */ = {
			isa = XCConfigurationList;
			buildConfigurations = (
				ACBFE944257C261200D7CA99 /* Debug */,
				ACBFE945257C261200D7CA99 /* Release */,
			);
			defaultConfigurationIsVisible = 0;
			defaultConfigurationName = Release;
		};
/* End XCConfigurationList section */

/* Begin XCVersionGroup section */
		ACBFE91C257C260E00D7CA99 /* desafio_ios.xcdatamodeld */ = {
			isa = XCVersionGroup;
			children = (
				ACBFE91D257C260E00D7CA99 /* desafio_ios.xcdatamodel */,
			);
			currentVersion = ACBFE91D257C260E00D7CA99 /* desafio_ios.xcdatamodel */;
			path = desafio_ios.xcdatamodeld;
			sourceTree = "<group>";
			versionGroupType = wrapper.xcdatamodel;
		};
/* End XCVersionGroup section */
	};
	rootObject = ACBFE908257C260E00D7CA99 /* Project object */;
}
